// !$*UTF8*$!
{
	archiveVersion = 1;
	classes = {
	};
	objectVersion = 50;
	objects = {

/* Begin PBXBuildFile section */
		E3394E4823FDDE890071DD9E /* LoginScreen.swift in Sources */ = {isa = PBXBuildFile; fileRef = E3394E4723FDDE890071DD9E /* LoginScreen.swift */; };
		E3394E4A23FE00480071DD9E /* LoginForm.swift in Sources */ = {isa = PBXBuildFile; fileRef = E3394E4923FE00480071DD9E /* LoginForm.swift */; };
		E3394E4C23FE01D40071DD9E /* LoginRouter.swift in Sources */ = {isa = PBXBuildFile; fileRef = E3394E4B23FE01D40071DD9E /* LoginRouter.swift */; };
		E3394E4E23FE05380071DD9E /* SignupForm.swift in Sources */ = {isa = PBXBuildFile; fileRef = E3394E4D23FE05380071DD9E /* SignupForm.swift */; };
		E35B4EA323FCD69900BE1894 /* AppDelegate.swift in Sources */ = {isa = PBXBuildFile; fileRef = E35B4EA223FCD69900BE1894 /* AppDelegate.swift */; };
		E35B4EA523FCD69900BE1894 /* SceneDelegate.swift in Sources */ = {isa = PBXBuildFile; fileRef = E35B4EA423FCD69900BE1894 /* SceneDelegate.swift */; };
		E35B4EA823FCD69900BE1894 /* worksmart.xcdatamodeld in Sources */ = {isa = PBXBuildFile; fileRef = E35B4EA623FCD69900BE1894 /* worksmart.xcdatamodeld */; };
		E35B4EAA23FCD69900BE1894 /* ContentView.swift in Sources */ = {isa = PBXBuildFile; fileRef = E35B4EA923FCD69900BE1894 /* ContentView.swift */; };
		E35B4EAC23FCD69B00BE1894 /* Assets.xcassets in Resources */ = {isa = PBXBuildFile; fileRef = E35B4EAB23FCD69B00BE1894 /* Assets.xcassets */; };
		E35B4EAF23FCD69B00BE1894 /* Preview Assets.xcassets in Resources */ = {isa = PBXBuildFile; fileRef = E35B4EAE23FCD69B00BE1894 /* Preview Assets.xcassets */; };
		E35B4EB223FCD69B00BE1894 /* LaunchScreen.storyboard in Resources */ = {isa = PBXBuildFile; fileRef = E35B4EB023FCD69B00BE1894 /* LaunchScreen.storyboard */; };
		E35B4EBA23FCD7CF00BE1894 /* LoginView.swift in Sources */ = {isa = PBXBuildFile; fileRef = E35B4EB923FCD7CF00BE1894 /* LoginView.swift */; };
/* End PBXBuildFile section */

/* Begin PBXFileReference section */
		E3394E4723FDDE890071DD9E /* LoginScreen.swift */ = {isa = PBXFileReference; lastKnownFileType = sourcecode.swift; path = LoginScreen.swift; sourceTree = "<group>"; };
		E3394E4923FE00480071DD9E /* LoginForm.swift */ = {isa = PBXFileReference; lastKnownFileType = sourcecode.swift; path = LoginForm.swift; sourceTree = "<group>"; };
		E3394E4B23FE01D40071DD9E /* LoginRouter.swift */ = {isa = PBXFileReference; lastKnownFileType = sourcecode.swift; path = LoginRouter.swift; sourceTree = "<group>"; };
		E3394E4D23FE05380071DD9E /* SignupForm.swift */ = {isa = PBXFileReference; lastKnownFileType = sourcecode.swift; path = SignupForm.swift; sourceTree = "<group>"; };
		E35B4E9F23FCD69900BE1894 /* worksmart.app */ = {isa = PBXFileReference; explicitFileType = wrapper.application; includeInIndex = 0; path = worksmart.app; sourceTree = BUILT_PRODUCTS_DIR; };
		E35B4EA223FCD69900BE1894 /* AppDelegate.swift */ = {isa = PBXFileReference; lastKnownFileType = sourcecode.swift; path = AppDelegate.swift; sourceTree = "<group>"; };
		E35B4EA423FCD69900BE1894 /* SceneDelegate.swift */ = {isa = PBXFileReference; lastKnownFileType = sourcecode.swift; path = SceneDelegate.swift; sourceTree = "<group>"; };
		E35B4EA723FCD69900BE1894 /* worksmart.xcdatamodel */ = {isa = PBXFileReference; lastKnownFileType = wrapper.xcdatamodel; path = worksmart.xcdatamodel; sourceTree = "<group>"; };
		E35B4EA923FCD69900BE1894 /* ContentView.swift */ = {isa = PBXFileReference; lastKnownFileType = sourcecode.swift; path = ContentView.swift; sourceTree = "<group>"; };
		E35B4EAB23FCD69B00BE1894 /* Assets.xcassets */ = {isa = PBXFileReference; lastKnownFileType = folder.assetcatalog; path = Assets.xcassets; sourceTree = "<group>"; };
		E35B4EAE23FCD69B00BE1894 /* Preview Assets.xcassets */ = {isa = PBXFileReference; lastKnownFileType = folder.assetcatalog; path = "Preview Assets.xcassets"; sourceTree = "<group>"; };
		E35B4EB123FCD69B00BE1894 /* Base */ = {isa = PBXFileReference; lastKnownFileType = file.storyboard; name = Base; path = Base.lproj/LaunchScreen.storyboard; sourceTree = "<group>"; };
		E35B4EB323FCD69B00BE1894 /* Info.plist */ = {isa = PBXFileReference; lastKnownFileType = text.plist.xml; path = Info.plist; sourceTree = "<group>"; };
		E35B4EB923FCD7CF00BE1894 /* LoginView.swift */ = {isa = PBXFileReference; lastKnownFileType = sourcecode.swift; path = LoginView.swift; sourceTree = "<group>"; };
/* End PBXFileReference section */

/* Begin PBXFrameworksBuildPhase section */
		E35B4E9C23FCD69900BE1894 /* Frameworks */ = {
			isa = PBXFrameworksBuildPhase;
			buildActionMask = 2147483647;
			files = (
			);
			runOnlyForDeploymentPostprocessing = 0;
		};
/* End PBXFrameworksBuildPhase section */

/* Begin PBXGroup section */
		E35B4E9623FCD69900BE1894 = {
			isa = PBXGroup;
			children = (
				E35B4EA123FCD69900BE1894 /* worksmart */,
				E35B4EA023FCD69900BE1894 /* Products */,
			);
			sourceTree = "<group>";
		};
		E35B4EA023FCD69900BE1894 /* Products */ = {
			isa = PBXGroup;
			children = (
				E35B4E9F23FCD69900BE1894 /* worksmart.app */,
			);
			name = Products;
			sourceTree = "<group>";
		};
		E35B4EA123FCD69900BE1894 /* worksmart */ = {
			isa = PBXGroup;
			children = (
				E35B4EA223FCD69900BE1894 /* AppDelegate.swift */,
				E35B4EA423FCD69900BE1894 /* SceneDelegate.swift */,
				E35B4EA923FCD69900BE1894 /* ContentView.swift */,
				E35B4EAB23FCD69B00BE1894 /* Assets.xcassets */,
				E35B4EB023FCD69B00BE1894 /* LaunchScreen.storyboard */,
				E35B4EB323FCD69B00BE1894 /* Info.plist */,
				E35B4EA623FCD69900BE1894 /* worksmart.xcdatamodeld */,
				E35B4EAD23FCD69B00BE1894 /* Preview Content */,
				E35B4EB923FCD7CF00BE1894 /* LoginView.swift */,
				E3394E4723FDDE890071DD9E /* LoginScreen.swift */,
				E3394E4923FE00480071DD9E /* LoginForm.swift */,
				E3394E4B23FE01D40071DD9E /* LoginRouter.swift */,
				E3394E4D23FE05380071DD9E /* SignupForm.swift */,
			);
			path = worksmart;
			sourceTree = "<group>";
		};
		E35B4EAD23FCD69B00BE1894 /* Preview Content */ = {
			isa = PBXGroup;
			children = (
				E35B4EAE23FCD69B00BE1894 /* Preview Assets.xcassets */,
			);
			path = "Preview Content";
			sourceTree = "<group>";
		};
/* End PBXGroup section */

/* Begin PBXNativeTarget section */
		E35B4E9E23FCD69900BE1894 /* worksmart */ = {
			isa = PBXNativeTarget;
			buildConfigurationList = E35B4EB623FCD69B00BE1894 /* Build configuration list for PBXNativeTarget "worksmart" */;
			buildPhases = (
				E35B4E9B23FCD69900BE1894 /* Sources */,
				E35B4E9C23FCD69900BE1894 /* Frameworks */,
				E35B4E9D23FCD69900BE1894 /* Resources */,
			);
			buildRules = (
			);
			dependencies = (
			);
			name = worksmart;
			productName = worksmart;
			productReference = E35B4E9F23FCD69900BE1894 /* worksmart.app */;
			productType = "com.apple.product-type.application";
		};
/* End PBXNativeTarget section */

/* Begin PBXProject section */
		E35B4E9723FCD69900BE1894 /* Project object */ = {
			isa = PBXProject;
			attributes = {
				LastSwiftUpdateCheck = 1110;
				LastUpgradeCheck = 1110;
				ORGANIZATIONNAME = "Tin Le";
				TargetAttributes = {
					E35B4E9E23FCD69900BE1894 = {
						CreatedOnToolsVersion = 11.1;
					};
				};
			};
			buildConfigurationList = E35B4E9A23FCD69900BE1894 /* Build configuration list for PBXProject "worksmart" */;
			compatibilityVersion = "Xcode 9.3";
			developmentRegion = en;
			hasScannedForEncodings = 0;
			knownRegions = (
				en,
				Base,
			);
			mainGroup = E35B4E9623FCD69900BE1894;
			productRefGroup = E35B4EA023FCD69900BE1894 /* Products */;
			projectDirPath = "";
			projectRoot = "";
			targets = (
				E35B4E9E23FCD69900BE1894 /* worksmart */,
			);
		};
/* End PBXProject section */

/* Begin PBXResourcesBuildPhase section */
		E35B4E9D23FCD69900BE1894 /* Resources */ = {
			isa = PBXResourcesBuildPhase;
			buildActionMask = 2147483647;
			files = (
				E35B4EB223FCD69B00BE1894 /* LaunchScreen.storyboard in Resources */,
				E35B4EAF23FCD69B00BE1894 /* Preview Assets.xcassets in Resources */,
				E35B4EAC23FCD69B00BE1894 /* Assets.xcassets in Resources */,
			);
			runOnlyForDeploymentPostprocessing = 0;
		};
/* End PBXResourcesBuildPhase section */

/* Begin PBXSourcesBuildPhase section */
		E35B4E9B23FCD69900BE1894 /* Sources */ = {
			isa = PBXSourcesBuildPhase;
			buildActionMask = 2147483647;
			files = (
				E35B4EA823FCD69900BE1894 /* worksmart.xcdatamodeld in Sources */,
				E35B4EA323FCD69900BE1894 /* AppDelegate.swift in Sources */,
				E3394E4E23FE05380071DD9E /* SignupForm.swift in Sources */,
				E35B4EAA23FCD69900BE1894 /* ContentView.swift in Sources */,
				E35B4EBA23FCD7CF00BE1894 /* LoginView.swift in Sources */,
				E3394E4A23FE00480071DD9E /* LoginForm.swift in Sources */,
				E35B4EA523FCD69900BE1894 /* SceneDelegate.swift in Sources */,
				E3394E4C23FE01D40071DD9E /* LoginRouter.swift in Sources */,
				E3394E4823FDDE890071DD9E /* LoginScreen.swift in Sources */,
			);
			runOnlyForDeploymentPostprocessing = 0;
		};
/* End PBXSourcesBuildPhase section */

/* Begin PBXVariantGroup section */
		E35B4EB023FCD69B00BE1894 /* LaunchScreen.storyboard */ = {
			isa = PBXVariantGroup;
			children = (
				E35B4EB123FCD69B00BE1894 /* Base */,
			);
			name = LaunchScreen.storyboard;
			sourceTree = "<group>";
		};
/* End PBXVariantGroup section */

/* Begin XCBuildConfiguration section */
		E35B4EB423FCD69B00BE1894 /* Debug */ = {
			isa = XCBuildConfiguration;
			buildSettings = {
				ALWAYS_SEARCH_USER_PATHS = NO;
				CLANG_ANALYZER_NONNULL = YES;
				CLANG_ANALYZER_NUMBER_OBJECT_CONVERSION = YES_AGGRESSIVE;
				CLANG_CXX_LANGUAGE_STANDARD = "gnu++14";
				CLANG_CXX_LIBRARY = "libc++";
				CLANG_ENABLE_MODULES = YES;
				CLANG_ENABLE_OBJC_ARC = YES;
				CLANG_ENABLE_OBJC_WEAK = YES;
				CLANG_WARN_BLOCK_CAPTURE_AUTORELEASING = YES;
				CLANG_WARN_BOOL_CONVERSION = YES;
				CLANG_WARN_COMMA = YES;
				CLANG_WARN_CONSTANT_CONVERSION = YES;
				CLANG_WARN_DEPRECATED_OBJC_IMPLEMENTATIONS = YES;
				CLANG_WARN_DIRECT_OBJC_ISA_USAGE = YES_ERROR;
				CLANG_WARN_DOCUMENTATION_COMMENTS = YES;
				CLANG_WARN_EMPTY_BODY = YES;
				CLANG_WARN_ENUM_CONVERSION = YES;
				CLANG_WARN_INFINITE_RECURSION = YES;
				CLANG_WARN_INT_CONVERSION = YES;
				CLANG_WARN_NON_LITERAL_NULL_CONVERSION = YES;
				CLANG_WARN_OBJC_IMPLICIT_RETAIN_SELF = YES;
				CLANG_WARN_OBJC_LITERAL_CONVERSION = YES;
				CLANG_WARN_OBJC_ROOT_CLASS = YES_ERROR;
				CLANG_WARN_RANGE_LOOP_ANALYSIS = YES;
				CLANG_WARN_STRICT_PROTOTYPES = YES;
				CLANG_WARN_SUSPICIOUS_MOVE = YES;
				CLANG_WARN_UNGUARDED_AVAILABILITY = YES_AGGRESSIVE;
				CLANG_WARN_UNREACHABLE_CODE = YES;
				CLANG_WARN__DUPLICATE_METHOD_MATCH = YES;
				COPY_PHASE_STRIP = NO;
				DEBUG_INFORMATION_FORMAT = dwarf;
				ENABLE_STRICT_OBJC_MSGSEND = YES;
				ENABLE_TESTABILITY = YES;
				GCC_C_LANGUAGE_STANDARD = gnu11;
				GCC_DYNAMIC_NO_PIC = NO;
				GCC_NO_COMMON_BLOCKS = YES;
				GCC_OPTIMIZATION_LEVEL = 0;
				GCC_PREPROCESSOR_DEFINITIONS = (
					"DEBUG=1",
					"$(inherited)",
				);
				GCC_WARN_64_TO_32_BIT_CONVERSION = YES;
				GCC_WARN_ABOUT_RETURN_TYPE = YES_ERROR;
				GCC_WARN_UNDECLARED_SELECTOR = YES;
				GCC_WARN_UNINITIALIZED_AUTOS = YES_AGGRESSIVE;
				GCC_WARN_UNUSED_FUNCTION = YES;
				GCC_WARN_UNUSED_VARIABLE = YES;
				IPHONEOS_DEPLOYMENT_TARGET = 13.1;
				MTL_ENABLE_DEBUG_INFO = INCLUDE_SOURCE;
				MTL_FAST_MATH = YES;
				ONLY_ACTIVE_ARCH = YES;
				SDKROOT = iphoneos;
				SWIFT_ACTIVE_COMPILATION_CONDITIONS = DEBUG;
				SWIFT_OPTIMIZATION_LEVEL = "-Onone";
			};
			name = Debug;
		};
		E35B4EB523FCD69B00BE1894 /* Release */ = {
			isa = XCBuildConfiguration;
			buildSettings = {
				ALWAYS_SEARCH_USER_PATHS = NO;
				CLANG_ANALYZER_NONNULL = YES;
				CLANG_ANALYZER_NUMBER_OBJECT_CONVERSION = YES_AGGRESSIVE;
				CLANG_CXX_LANGUAGE_STANDARD = "gnu++14";
				CLANG_CXX_LIBRARY = "libc++";
				CLANG_ENABLE_MODULES = YES;
				CLANG_ENABLE_OBJC_ARC = YES;
				CLANG_ENABLE_OBJC_WEAK = YES;
				CLANG_WARN_BLOCK_CAPTURE_AUTORELEASING = YES;
				CLANG_WARN_BOOL_CONVERSION = YES;
				CLANG_WARN_COMMA = YES;
				CLANG_WARN_CONSTANT_CONVERSION = YES;
				CLANG_WARN_DEPRECATED_OBJC_IMPLEMENTATIONS = YES;
				CLANG_WARN_DIRECT_OBJC_ISA_USAGE = YES_ERROR;
				CLANG_WARN_DOCUMENTATION_COMMENTS = YES;
				CLANG_WARN_EMPTY_BODY = YES;
				CLANG_WARN_ENUM_CONVERSION = YES;
				CLANG_WARN_INFINITE_RECURSION = YES;
				CLANG_WARN_INT_CONVERSION = YES;
				CLANG_WARN_NON_LITERAL_NULL_CONVERSION = YES;
				CLANG_WARN_OBJC_IMPLICIT_RETAIN_SELF = YES;
				CLANG_WARN_OBJC_LITERAL_CONVERSION = YES;
				CLANG_WARN_OBJC_ROOT_CLASS = YES_ERROR;
				CLANG_WARN_RANGE_LOOP_ANALYSIS = YES;
				CLANG_WARN_STRICT_PROTOTYPES = YES;
				CLANG_WARN_SUSPICIOUS_MOVE = YES;
				CLANG_WARN_UNGUARDED_AVAILABILITY = YES_AGGRESSIVE;
				CLANG_WARN_UNREACHABLE_CODE = YES;
				CLANG_WARN__DUPLICATE_METHOD_MATCH = YES;
				COPY_PHASE_STRIP = NO;
				DEBUG_INFORMATION_FORMAT = "dwarf-with-dsym";
				ENABLE_NS_ASSERTIONS = NO;
				ENABLE_STRICT_OBJC_MSGSEND = YES;
				GCC_C_LANGUAGE_STANDARD = gnu11;
				GCC_NO_COMMON_BLOCKS = YES;
				GCC_WARN_64_TO_32_BIT_CONVERSION = YES;
				GCC_WARN_ABOUT_RETURN_TYPE = YES_ERROR;
				GCC_WARN_UNDECLARED_SELECTOR = YES;
				GCC_WARN_UNINITIALIZED_AUTOS = YES_AGGRESSIVE;
				GCC_WARN_UNUSED_FUNCTION = YES;
				GCC_WARN_UNUSED_VARIABLE = YES;
				IPHONEOS_DEPLOYMENT_TARGET = 13.1;
				MTL_ENABLE_DEBUG_INFO = NO;
				MTL_FAST_MATH = YES;
				SDKROOT = iphoneos;
				SWIFT_COMPILATION_MODE = wholemodule;
				SWIFT_OPTIMIZATION_LEVEL = "-O";
				VALIDATE_PRODUCT = YES;
			};
			name = Release;
		};
		E35B4EB723FCD69B00BE1894 /* Debug */ = {
			isa = XCBuildConfiguration;
			buildSettings = {
				ASSETCATALOG_COMPILER_APPICON_NAME = AppIcon;
				CODE_SIGN_STYLE = Automatic;
				DEVELOPMENT_ASSET_PATHS = "\"worksmart/Preview Content\"";
				DEVELOPMENT_TEAM = PH6WM5VE5P;
				ENABLE_PREVIEWS = YES;
				INFOPLIST_FILE = worksmart/Info.plist;
				LD_RUNPATH_SEARCH_PATHS = (
					"$(inherited)",
					"@executable_path/Frameworks",
				);
				PRODUCT_BUNDLE_IDENTIFIER = com.gpos.worksmart;
				PRODUCT_NAME = "$(TARGET_NAME)";
				SWIFT_VERSION = 5.0;
				TARGETED_DEVICE_FAMILY = "1,2";
			};
			name = Debug;
		};
		E35B4EB823FCD69B00BE1894 /* Release */ = {
			isa = XCBuildConfiguration;
			buildSettings = {
				ASSETCATALOG_COMPILER_APPICON_NAME = AppIcon;
				CODE_SIGN_STYLE = Automatic;
				DEVELOPMENT_ASSET_PATHS = "\"worksmart/Preview Content\"";
				DEVELOPMENT_TEAM = PH6WM5VE5P;
				ENABLE_PREVIEWS = YES;
				INFOPLIST_FILE = worksmart/Info.plist;
				LD_RUNPATH_SEARCH_PATHS = (
					"$(inherited)",
					"@executable_path/Frameworks",
				);
				PRODUCT_BUNDLE_IDENTIFIER = com.gpos.worksmart;
				PRODUCT_NAME = "$(TARGET_NAME)";
				SWIFT_VERSION = 5.0;
				TARGETED_DEVICE_FAMILY = "1,2";
			};
			name = Release;
		};
/* End XCBuildConfiguration section */

/* Begin XCConfigurationList section */
		E35B4E9A23FCD69900BE1894 /* Build configuration list for PBXProject "worksmart" */ = {
			isa = XCConfigurationList;
			buildConfigurations = (
				E35B4EB423FCD69B00BE1894 /* Debug */,
				E35B4EB523FCD69B00BE1894 /* Release */,
			);
			defaultConfigurationIsVisible = 0;
			defaultConfigurationName = Release;
		};
		E35B4EB623FCD69B00BE1894 /* Build configuration list for PBXNativeTarget "worksmart" */ = {
			isa = XCConfigurationList;
			buildConfigurations = (
				E35B4EB723FCD69B00BE1894 /* Debug */,
				E35B4EB823FCD69B00BE1894 /* Release */,
			);
			defaultConfigurationIsVisible = 0;
			defaultConfigurationName = Release;
		};
/* End XCConfigurationList section */

/* Begin XCVersionGroup section */
		E35B4EA623FCD69900BE1894 /* worksmart.xcdatamodeld */ = {
			isa = XCVersionGroup;
			children = (
				E35B4EA723FCD69900BE1894 /* worksmart.xcdatamodel */,
			);
			currentVersion = E35B4EA723FCD69900BE1894 /* worksmart.xcdatamodel */;
			path = worksmart.xcdatamodeld;
			sourceTree = "<group>";
			versionGroupType = wrapper.xcdatamodel;
		};
/* End XCVersionGroup section */
	};
	rootObject = E35B4E9723FCD69900BE1894 /* Project object */;
}
