// !$*UTF8*$!
{
	archiveVersion = 1;
	classes = {
	};
	objectVersion = 51;
	objects = {

/* Begin PBXBuildFile section */
		D2A3F8E6BA002023C0B83572 /* Pods_worksmart.framework in Frameworks */ = {isa = PBXBuildFile; fileRef = 771A1F3E1031ADA55C3B1385 /* Pods_worksmart.framework */; };
		E3394E4823FDDE890071DD9E /* LoginScreen.swift in Sources */ = {isa = PBXBuildFile; fileRef = E3394E4723FDDE890071DD9E /* LoginScreen.swift */; };
		E3394E4A23FE00480071DD9E /* LoginForm.swift in Sources */ = {isa = PBXBuildFile; fileRef = E3394E4923FE00480071DD9E /* LoginForm.swift */; };
		E3394E4C23FE01D40071DD9E /* LoginRouter.swift in Sources */ = {isa = PBXBuildFile; fileRef = E3394E4B23FE01D40071DD9E /* LoginRouter.swift */; };
		E3394E4E23FE05380071DD9E /* SignupForm.swift in Sources */ = {isa = PBXBuildFile; fileRef = E3394E4D23FE05380071DD9E /* SignupForm.swift */; };
		E3394E5123FE08CB0071DD9E /* LabelTextField.swift in Sources */ = {isa = PBXBuildFile; fileRef = E3394E5023FE08CB0071DD9E /* LabelTextField.swift */; };
		E3394E5423FE277B0071DD9E /* ProfileView.swift in Sources */ = {isa = PBXBuildFile; fileRef = E3394E5323FE277B0071DD9E /* ProfileView.swift */; };
		E3394E5623FE279B0071DD9E /* ScheduleView.swift in Sources */ = {isa = PBXBuildFile; fileRef = E3394E5523FE279B0071DD9E /* ScheduleView.swift */; };
		E3394E5823FE27CC0071DD9E /* ReportsView.swift in Sources */ = {isa = PBXBuildFile; fileRef = E3394E5723FE27CC0071DD9E /* ReportsView.swift */; };
		E3394E5A23FE27F20071DD9E /* NotificationsView.swift in Sources */ = {isa = PBXBuildFile; fileRef = E3394E5923FE27F20071DD9E /* NotificationsView.swift */; };
		E3584B0F2413C80E00DFCBD2 /* ScannerViewController.swift in Sources */ = {isa = PBXBuildFile; fileRef = E3584B0E2413C80E00DFCBD2 /* ScannerViewController.swift */; };
		E3584B112413C90800DFCBD2 /* ScannerViewPresentation.swift in Sources */ = {isa = PBXBuildFile; fileRef = E3584B102413C90800DFCBD2 /* ScannerViewPresentation.swift */; };
		E3584B132419CD2700DFCBD2 /* BlurView.swift in Sources */ = {isa = PBXBuildFile; fileRef = E3584B122419CD2600DFCBD2 /* BlurView.swift */; };
		E3584B15241C178900DFCBD2 /* ProfileViewv2.swift in Sources */ = {isa = PBXBuildFile; fileRef = E3584B14241C178900DFCBD2 /* ProfileViewv2.swift */; };
		E3584B17241C1B6500DFCBD2 /* ListItemWithRoundCornerBG.swift in Sources */ = {isa = PBXBuildFile; fileRef = E3584B16241C1B6500DFCBD2 /* ListItemWithRoundCornerBG.swift */; };
		E3584B19241C22CF00DFCBD2 /* CustomColor.swift in Sources */ = {isa = PBXBuildFile; fileRef = E3584B18241C22CF00DFCBD2 /* CustomColor.swift */; };
		E3584B1B241E987D00DFCBD2 /* SectionView.swift in Sources */ = {isa = PBXBuildFile; fileRef = E3584B1A241E987D00DFCBD2 /* SectionView.swift */; };
		E3584B1D241E9D5B00DFCBD2 /* AppointmentRow.swift in Sources */ = {isa = PBXBuildFile; fileRef = E3584B1C241E9D5B00DFCBD2 /* AppointmentRow.swift */; };
		E3584B1F242058FF00DFCBD2 /* ScratchFile.swift in Sources */ = {isa = PBXBuildFile; fileRef = E3584B1E242058FF00DFCBD2 /* ScratchFile.swift */; };
		E3584B2124205ADE00DFCBD2 /* TapItem.swift in Sources */ = {isa = PBXBuildFile; fileRef = E3584B2024205ADE00DFCBD2 /* TapItem.swift */; };
		E3584B2524206A1E00DFCBD2 /* TransactionRow.swift in Sources */ = {isa = PBXBuildFile; fileRef = E3584B2424206A1E00DFCBD2 /* TransactionRow.swift */; };
		E3584B2724206B4100DFCBD2 /* Transaction.swift in Sources */ = {isa = PBXBuildFile; fileRef = E3584B2624206B4100DFCBD2 /* Transaction.swift */; };
		E3584B29242F789B00DFCBD2 /* ReportsOverview.swift in Sources */ = {isa = PBXBuildFile; fileRef = E3584B28242F789B00DFCBD2 /* ReportsOverview.swift */; };
		E35B4EA323FCD69900BE1894 /* AppDelegate.swift in Sources */ = {isa = PBXBuildFile; fileRef = E35B4EA223FCD69900BE1894 /* AppDelegate.swift */; };
		E35B4EA523FCD69900BE1894 /* SceneDelegate.swift in Sources */ = {isa = PBXBuildFile; fileRef = E35B4EA423FCD69900BE1894 /* SceneDelegate.swift */; };
		E35B4EA823FCD69900BE1894 /* worksmart.xcdatamodeld in Sources */ = {isa = PBXBuildFile; fileRef = E35B4EA623FCD69900BE1894 /* worksmart.xcdatamodeld */; };
		E35B4EAA23FCD69900BE1894 /* MainScreen.swift in Sources */ = {isa = PBXBuildFile; fileRef = E35B4EA923FCD69900BE1894 /* MainScreen.swift */; };
		E35B4EAC23FCD69B00BE1894 /* Assets.xcassets in Resources */ = {isa = PBXBuildFile; fileRef = E35B4EAB23FCD69B00BE1894 /* Assets.xcassets */; };
		E35B4EAF23FCD69B00BE1894 /* Preview Assets.xcassets in Resources */ = {isa = PBXBuildFile; fileRef = E35B4EAE23FCD69B00BE1894 /* Preview Assets.xcassets */; };
		E35B4EB223FCD69B00BE1894 /* LaunchScreen.storyboard in Resources */ = {isa = PBXBuildFile; fileRef = E35B4EB023FCD69B00BE1894 /* LaunchScreen.storyboard */; };
		E35B4EBA23FCD7CF00BE1894 /* LoginView.swift in Sources */ = {isa = PBXBuildFile; fileRef = E35B4EB923FCD7CF00BE1894 /* LoginView.swift */; };
		E376CBE324B9455100398C97 /* DateUtil.swift in Sources */ = {isa = PBXBuildFile; fileRef = E376CBE224B9455100398C97 /* DateUtil.swift */; };
		E376CBE524B945D600398C97 /* ApiUtil.swift in Sources */ = {isa = PBXBuildFile; fileRef = E376CBE424B945D600398C97 /* ApiUtil.swift */; };
		E376CBE724FAD75A00398C97 /* Category.swift in Sources */ = {isa = PBXBuildFile; fileRef = E376CBE624FAD75A00398C97 /* Category.swift */; };
		E376CBE924FC128C00398C97 /* ProductListView.swift in Sources */ = {isa = PBXBuildFile; fileRef = E376CBE824FC128C00398C97 /* ProductListView.swift */; };
		E376CBED24FC1AD300398C97 /* TestData.swift in Sources */ = {isa = PBXBuildFile; fileRef = E376CBEC24FC1AD300398C97 /* TestData.swift */; };
		E376CBEF24FC334300398C97 /* SelectedProductListView.swift in Sources */ = {isa = PBXBuildFile; fileRef = E376CBEE24FC334200398C97 /* SelectedProductListView.swift */; };
		E376CBF124FC731E00398C97 /* ProductsRepo.swift in Sources */ = {isa = PBXBuildFile; fileRef = E376CBF024FC731E00398C97 /* ProductsRepo.swift */; };
		E376CBF324FC7BF600398C97 /* StorageManager.swift in Sources */ = {isa = PBXBuildFile; fileRef = E376CBF224FC7BF600398C97 /* StorageManager.swift */; };
		E376CBF524FD63B100398C97 /* CheckoutView.swift in Sources */ = {isa = PBXBuildFile; fileRef = E376CBF424FD63B100398C97 /* CheckoutView.swift */; };
		E376CBF724FD6ABD00398C97 /* PrimaryButton.swift in Sources */ = {isa = PBXBuildFile; fileRef = E376CBF624FD6ABD00398C97 /* PrimaryButton.swift */; };
		E376CBF924FD6E5200398C97 /* CheckoutUserInfoForm.swift in Sources */ = {isa = PBXBuildFile; fileRef = E376CBF824FD6E5200398C97 /* CheckoutUserInfoForm.swift */; };
		E376CBFB24FD6F2000398C97 /* CreditCardInfoForm.swift in Sources */ = {isa = PBXBuildFile; fileRef = E376CBFA24FD6F2000398C97 /* CreditCardInfoForm.swift */; };
		E376CBFD24FDE51B00398C97 /* OrderCart.swift in Sources */ = {isa = PBXBuildFile; fileRef = E376CBFC24FDE51B00398C97 /* OrderCart.swift */; };
		E376CBFF24FDE85E00398C97 /* OrderDetailsView.swift in Sources */ = {isa = PBXBuildFile; fileRef = E376CBFE24FDE85E00398C97 /* OrderDetailsView.swift */; };
		E3A1CE162444EE510085BB8D /* SignupVM.swift in Sources */ = {isa = PBXBuildFile; fileRef = E3A1CE152444EE510085BB8D /* SignupVM.swift */; };
		E3AAD9FB2401DCBB00EB187A /* EventsCalendarManager.swift in Sources */ = {isa = PBXBuildFile; fileRef = E3AAD9FA2401DCBB00EB187A /* EventsCalendarManager.swift */; };
		E3AAD9FE2401DFF600EB187A /* EventsCalendarView.swift in Sources */ = {isa = PBXBuildFile; fileRef = E3AAD9FD2401DFF600EB187A /* EventsCalendarView.swift */; };
		E3AADA002401E26F00EB187A /* AddEventViewController.swift in Sources */ = {isa = PBXBuildFile; fileRef = E3AAD9FF2401E26F00EB187A /* AddEventViewController.swift */; };
		E3AADA0224036C6600EB187A /* MainStoryboard.storyboard in Resources */ = {isa = PBXBuildFile; fileRef = E3AADA0124036C6600EB187A /* MainStoryboard.storyboard */; };
		E3D0FC7C23FE317600533FDA /* GPOSApi.swift in Sources */ = {isa = PBXBuildFile; fileRef = E3D0FC7B23FE317600533FDA /* GPOSApi.swift */; };
		E3D0FC7E23FF463800533FDA /* UserProfile.swift in Sources */ = {isa = PBXBuildFile; fileRef = E3D0FC7D23FF463800533FDA /* UserProfile.swift */; };
		E3D0FC8023FF481B00533FDA /* ApiError.swift in Sources */ = {isa = PBXBuildFile; fileRef = E3D0FC7F23FF481B00533FDA /* ApiError.swift */; };
		E3D0FC8323FF525600533FDA /* ProfileVM.swift in Sources */ = {isa = PBXBuildFile; fileRef = E3D0FC8223FF525600533FDA /* ProfileVM.swift */; };
		E3D0FC852401509000533FDA /* WeatherData.swift in Sources */ = {isa = PBXBuildFile; fileRef = E3D0FC842401509000533FDA /* WeatherData.swift */; };
		E3D0FC872401C0E900533FDA /* RowView.swift in Sources */ = {isa = PBXBuildFile; fileRef = E3D0FC862401C0E900533FDA /* RowView.swift */; };
		E3D0FC892401C84700533FDA /* AppointmentsDialog.swift in Sources */ = {isa = PBXBuildFile; fileRef = E3D0FC882401C84700533FDA /* AppointmentsDialog.swift */; };
		E3D0FC8B2401CA0000533FDA /* RevenueDialog.swift in Sources */ = {isa = PBXBuildFile; fileRef = E3D0FC8A2401CA0000533FDA /* RevenueDialog.swift */; };
		E3D70A6F244DDDBA000F7A25 /* AccountProfile.swift in Sources */ = {isa = PBXBuildFile; fileRef = E3D70A6E244DDDBA000F7A25 /* AccountProfile.swift */; };
		E3D70A71244DDF91000F7A25 /* SignInVM.swift in Sources */ = {isa = PBXBuildFile; fileRef = E3D70A70244DDF91000F7A25 /* SignInVM.swift */; };
		E3D70A73244DEC67000F7A25 /* ProfileManager.swift in Sources */ = {isa = PBXBuildFile; fileRef = E3D70A72244DEC67000F7A25 /* ProfileManager.swift */; };
		E3D70A76244DF1AA000F7A25 /* KeychainAccessibility.swift in Sources */ = {isa = PBXBuildFile; fileRef = E3D70A75244DF1AA000F7A25 /* KeychainAccessibility.swift */; };
		E3D70A78244DF1DD000F7A25 /* KeychainWrapper.swift in Sources */ = {isa = PBXBuildFile; fileRef = E3D70A77244DF1DD000F7A25 /* KeychainWrapper.swift */; };
		E3D70A7A244DF22A000F7A25 /* AppConstants.swift in Sources */ = {isa = PBXBuildFile; fileRef = E3D70A79244DF22A000F7A25 /* AppConstants.swift */; };
		E3D70A7C244E1C4A000F7A25 /* SessionManager.swift in Sources */ = {isa = PBXBuildFile; fileRef = E3D70A7B244E1C4A000F7A25 /* SessionManager.swift */; };
		E3F41406240A03090058D60B /* ViewEventViewControllerPresentation.swift in Sources */ = {isa = PBXBuildFile; fileRef = E3F41405240A03090058D60B /* ViewEventViewControllerPresentation.swift */; };
		E3F4141B2411E6470058D60B /* SwiftyJSON.framework in Embed Frameworks */ = {isa = PBXBuildFile; fileRef = E3F414172411E6470058D60B /* SwiftyJSON.framework */; settings = {ATTRIBUTES = (CodeSignOnCopy, RemoveHeadersOnCopy, ); }; };
		E3F414242411E9420058D60B /* Alamofire.framework in Frameworks */ = {isa = PBXBuildFile; fileRef = E3F414202411E8E90058D60B /* Alamofire.framework */; };
		E3F414252411E9420058D60B /* Alamofire.framework in Embed Frameworks */ = {isa = PBXBuildFile; fileRef = E3F414202411E8E90058D60B /* Alamofire.framework */; settings = {ATTRIBUTES = (CodeSignOnCopy, RemoveHeadersOnCopy, ); }; };
/* End PBXBuildFile section */

/* Begin PBXCopyFilesBuildPhase section */
		E3F414112411E58F0058D60B /* Embed Frameworks */ = {
			isa = PBXCopyFilesBuildPhase;
			buildActionMask = 8;
			dstPath = "";
			dstSubfolderSpec = 10;
			files = (
				E3F4141B2411E6470058D60B /* SwiftyJSON.framework in Embed Frameworks */,
				E3F414252411E9420058D60B /* Alamofire.framework in Embed Frameworks */,
			);
			name = "Embed Frameworks";
			runOnlyForDeploymentPostprocessing = 1;
		};
/* End PBXCopyFilesBuildPhase section */

/* Begin PBXFileReference section */
		771A1F3E1031ADA55C3B1385 /* Pods_worksmart.framework */ = {isa = PBXFileReference; explicitFileType = wrapper.framework; includeInIndex = 0; path = Pods_worksmart.framework; sourceTree = BUILT_PRODUCTS_DIR; };
		A82DB0497FF5835795DAE6D9 /* Pods-worksmart.release.xcconfig */ = {isa = PBXFileReference; includeInIndex = 1; lastKnownFileType = text.xcconfig; name = "Pods-worksmart.release.xcconfig"; path = "Target Support Files/Pods-worksmart/Pods-worksmart.release.xcconfig"; sourceTree = "<group>"; };
		BE700F49B178A61ADCE93E32 /* Pods-worksmart.debug.xcconfig */ = {isa = PBXFileReference; includeInIndex = 1; lastKnownFileType = text.xcconfig; name = "Pods-worksmart.debug.xcconfig"; path = "Target Support Files/Pods-worksmart/Pods-worksmart.debug.xcconfig"; sourceTree = "<group>"; };
		E3394E4723FDDE890071DD9E /* LoginScreen.swift */ = {isa = PBXFileReference; lastKnownFileType = sourcecode.swift; path = LoginScreen.swift; sourceTree = "<group>"; };
		E3394E4923FE00480071DD9E /* LoginForm.swift */ = {isa = PBXFileReference; lastKnownFileType = sourcecode.swift; path = LoginForm.swift; sourceTree = "<group>"; };
		E3394E4B23FE01D40071DD9E /* LoginRouter.swift */ = {isa = PBXFileReference; lastKnownFileType = sourcecode.swift; path = LoginRouter.swift; sourceTree = "<group>"; };
		E3394E4D23FE05380071DD9E /* SignupForm.swift */ = {isa = PBXFileReference; lastKnownFileType = sourcecode.swift; path = SignupForm.swift; sourceTree = "<group>"; };
		E3394E5023FE08CB0071DD9E /* LabelTextField.swift */ = {isa = PBXFileReference; lastKnownFileType = sourcecode.swift; path = LabelTextField.swift; sourceTree = "<group>"; };
		E3394E5323FE277B0071DD9E /* ProfileView.swift */ = {isa = PBXFileReference; lastKnownFileType = sourcecode.swift; path = ProfileView.swift; sourceTree = "<group>"; };
		E3394E5523FE279B0071DD9E /* ScheduleView.swift */ = {isa = PBXFileReference; lastKnownFileType = sourcecode.swift; path = ScheduleView.swift; sourceTree = "<group>"; };
		E3394E5723FE27CC0071DD9E /* ReportsView.swift */ = {isa = PBXFileReference; lastKnownFileType = sourcecode.swift; path = ReportsView.swift; sourceTree = "<group>"; };
		E3394E5923FE27F20071DD9E /* NotificationsView.swift */ = {isa = PBXFileReference; lastKnownFileType = sourcecode.swift; path = NotificationsView.swift; sourceTree = "<group>"; };
		E3584B0E2413C80E00DFCBD2 /* ScannerViewController.swift */ = {isa = PBXFileReference; lastKnownFileType = sourcecode.swift; path = ScannerViewController.swift; sourceTree = "<group>"; };
		E3584B102413C90800DFCBD2 /* ScannerViewPresentation.swift */ = {isa = PBXFileReference; lastKnownFileType = sourcecode.swift; path = ScannerViewPresentation.swift; sourceTree = "<group>"; };
		E3584B122419CD2600DFCBD2 /* BlurView.swift */ = {isa = PBXFileReference; lastKnownFileType = sourcecode.swift; path = BlurView.swift; sourceTree = "<group>"; };
		E3584B14241C178900DFCBD2 /* ProfileViewv2.swift */ = {isa = PBXFileReference; lastKnownFileType = sourcecode.swift; path = ProfileViewv2.swift; sourceTree = "<group>"; };
		E3584B16241C1B6500DFCBD2 /* ListItemWithRoundCornerBG.swift */ = {isa = PBXFileReference; lastKnownFileType = sourcecode.swift; path = ListItemWithRoundCornerBG.swift; sourceTree = "<group>"; };
		E3584B18241C22CF00DFCBD2 /* CustomColor.swift */ = {isa = PBXFileReference; lastKnownFileType = sourcecode.swift; path = CustomColor.swift; sourceTree = "<group>"; };
		E3584B1A241E987D00DFCBD2 /* SectionView.swift */ = {isa = PBXFileReference; lastKnownFileType = sourcecode.swift; path = SectionView.swift; sourceTree = "<group>"; };
		E3584B1C241E9D5B00DFCBD2 /* AppointmentRow.swift */ = {isa = PBXFileReference; lastKnownFileType = sourcecode.swift; path = AppointmentRow.swift; sourceTree = "<group>"; };
		E3584B1E242058FF00DFCBD2 /* ScratchFile.swift */ = {isa = PBXFileReference; lastKnownFileType = sourcecode.swift; path = ScratchFile.swift; sourceTree = "<group>"; };
		E3584B2024205ADE00DFCBD2 /* TapItem.swift */ = {isa = PBXFileReference; lastKnownFileType = sourcecode.swift; path = TapItem.swift; sourceTree = "<group>"; };
		E3584B2424206A1E00DFCBD2 /* TransactionRow.swift */ = {isa = PBXFileReference; lastKnownFileType = sourcecode.swift; path = TransactionRow.swift; sourceTree = "<group>"; };
		E3584B2624206B4100DFCBD2 /* Transaction.swift */ = {isa = PBXFileReference; lastKnownFileType = sourcecode.swift; path = Transaction.swift; sourceTree = "<group>"; };
		E3584B28242F789B00DFCBD2 /* ReportsOverview.swift */ = {isa = PBXFileReference; lastKnownFileType = sourcecode.swift; path = ReportsOverview.swift; sourceTree = "<group>"; };
		E35B4E9F23FCD69900BE1894 /* worksmart.app */ = {isa = PBXFileReference; explicitFileType = wrapper.application; includeInIndex = 0; path = worksmart.app; sourceTree = BUILT_PRODUCTS_DIR; };
		E35B4EA223FCD69900BE1894 /* AppDelegate.swift */ = {isa = PBXFileReference; lastKnownFileType = sourcecode.swift; path = AppDelegate.swift; sourceTree = "<group>"; };
		E35B4EA423FCD69900BE1894 /* SceneDelegate.swift */ = {isa = PBXFileReference; lastKnownFileType = sourcecode.swift; path = SceneDelegate.swift; sourceTree = "<group>"; };
		E35B4EA723FCD69900BE1894 /* worksmart.xcdatamodel */ = {isa = PBXFileReference; lastKnownFileType = wrapper.xcdatamodel; path = worksmart.xcdatamodel; sourceTree = "<group>"; };
		E35B4EA923FCD69900BE1894 /* MainScreen.swift */ = {isa = PBXFileReference; lastKnownFileType = sourcecode.swift; path = MainScreen.swift; sourceTree = "<group>"; };
		E35B4EAB23FCD69B00BE1894 /* Assets.xcassets */ = {isa = PBXFileReference; lastKnownFileType = folder.assetcatalog; path = Assets.xcassets; sourceTree = "<group>"; };
		E35B4EAE23FCD69B00BE1894 /* Preview Assets.xcassets */ = {isa = PBXFileReference; lastKnownFileType = folder.assetcatalog; path = "Preview Assets.xcassets"; sourceTree = "<group>"; };
		E35B4EB123FCD69B00BE1894 /* Base */ = {isa = PBXFileReference; lastKnownFileType = file.storyboard; name = Base; path = Base.lproj/LaunchScreen.storyboard; sourceTree = "<group>"; };
		E35B4EB323FCD69B00BE1894 /* Info.plist */ = {isa = PBXFileReference; lastKnownFileType = text.plist.xml; path = Info.plist; sourceTree = "<group>"; };
		E35B4EB923FCD7CF00BE1894 /* LoginView.swift */ = {isa = PBXFileReference; lastKnownFileType = sourcecode.swift; path = LoginView.swift; sourceTree = "<group>"; };
		E376CBE224B9455100398C97 /* DateUtil.swift */ = {isa = PBXFileReference; lastKnownFileType = sourcecode.swift; path = DateUtil.swift; sourceTree = "<group>"; };
		E376CBE424B945D600398C97 /* ApiUtil.swift */ = {isa = PBXFileReference; lastKnownFileType = sourcecode.swift; path = ApiUtil.swift; sourceTree = "<group>"; };
		E376CBE624FAD75A00398C97 /* Category.swift */ = {isa = PBXFileReference; lastKnownFileType = sourcecode.swift; path = Category.swift; sourceTree = "<group>"; };
		E376CBE824FC128C00398C97 /* ProductListView.swift */ = {isa = PBXFileReference; lastKnownFileType = sourcecode.swift; path = ProductListView.swift; sourceTree = "<group>"; };
		E376CBEC24FC1AD300398C97 /* TestData.swift */ = {isa = PBXFileReference; lastKnownFileType = sourcecode.swift; path = TestData.swift; sourceTree = "<group>"; };
		E376CBEE24FC334200398C97 /* SelectedProductListView.swift */ = {isa = PBXFileReference; lastKnownFileType = sourcecode.swift; path = SelectedProductListView.swift; sourceTree = "<group>"; };
		E376CBF024FC731E00398C97 /* ProductsRepo.swift */ = {isa = PBXFileReference; lastKnownFileType = sourcecode.swift; path = ProductsRepo.swift; sourceTree = "<group>"; };
		E376CBF224FC7BF600398C97 /* StorageManager.swift */ = {isa = PBXFileReference; lastKnownFileType = sourcecode.swift; path = StorageManager.swift; sourceTree = "<group>"; };
		E376CBF424FD63B100398C97 /* CheckoutView.swift */ = {isa = PBXFileReference; lastKnownFileType = sourcecode.swift; path = CheckoutView.swift; sourceTree = "<group>"; };
		E376CBF624FD6ABD00398C97 /* PrimaryButton.swift */ = {isa = PBXFileReference; lastKnownFileType = sourcecode.swift; path = PrimaryButton.swift; sourceTree = "<group>"; };
		E376CBF824FD6E5200398C97 /* CheckoutUserInfoForm.swift */ = {isa = PBXFileReference; lastKnownFileType = sourcecode.swift; path = CheckoutUserInfoForm.swift; sourceTree = "<group>"; };
		E376CBFA24FD6F2000398C97 /* CreditCardInfoForm.swift */ = {isa = PBXFileReference; lastKnownFileType = sourcecode.swift; path = CreditCardInfoForm.swift; sourceTree = "<group>"; };
		E376CBFC24FDE51B00398C97 /* OrderCart.swift */ = {isa = PBXFileReference; lastKnownFileType = sourcecode.swift; path = OrderCart.swift; sourceTree = "<group>"; };
		E376CBFE24FDE85E00398C97 /* OrderDetailsView.swift */ = {isa = PBXFileReference; lastKnownFileType = sourcecode.swift; path = OrderDetailsView.swift; sourceTree = "<group>"; };
		E3A1CE152444EE510085BB8D /* SignupVM.swift */ = {isa = PBXFileReference; lastKnownFileType = sourcecode.swift; path = SignupVM.swift; sourceTree = "<group>"; };
		E3AAD9FA2401DCBB00EB187A /* EventsCalendarManager.swift */ = {isa = PBXFileReference; lastKnownFileType = sourcecode.swift; path = EventsCalendarManager.swift; sourceTree = "<group>"; };
		E3AAD9FD2401DFF600EB187A /* EventsCalendarView.swift */ = {isa = PBXFileReference; lastKnownFileType = sourcecode.swift; path = EventsCalendarView.swift; sourceTree = "<group>"; };
		E3AAD9FF2401E26F00EB187A /* AddEventViewController.swift */ = {isa = PBXFileReference; lastKnownFileType = sourcecode.swift; path = AddEventViewController.swift; sourceTree = "<group>"; };
		E3AADA0124036C6600EB187A /* MainStoryboard.storyboard */ = {isa = PBXFileReference; lastKnownFileType = file.storyboard; path = MainStoryboard.storyboard; sourceTree = "<group>"; };
		E3D0FC7B23FE317600533FDA /* GPOSApi.swift */ = {isa = PBXFileReference; lastKnownFileType = sourcecode.swift; path = GPOSApi.swift; sourceTree = "<group>"; };
		E3D0FC7D23FF463800533FDA /* UserProfile.swift */ = {isa = PBXFileReference; lastKnownFileType = sourcecode.swift; path = UserProfile.swift; sourceTree = "<group>"; };
		E3D0FC7F23FF481B00533FDA /* ApiError.swift */ = {isa = PBXFileReference; lastKnownFileType = sourcecode.swift; path = ApiError.swift; sourceTree = "<group>"; };
		E3D0FC8223FF525600533FDA /* ProfileVM.swift */ = {isa = PBXFileReference; lastKnownFileType = sourcecode.swift; path = ProfileVM.swift; sourceTree = "<group>"; };
		E3D0FC842401509000533FDA /* WeatherData.swift */ = {isa = PBXFileReference; lastKnownFileType = sourcecode.swift; path = WeatherData.swift; sourceTree = "<group>"; };
		E3D0FC862401C0E900533FDA /* RowView.swift */ = {isa = PBXFileReference; lastKnownFileType = sourcecode.swift; path = RowView.swift; sourceTree = "<group>"; };
		E3D0FC882401C84700533FDA /* AppointmentsDialog.swift */ = {isa = PBXFileReference; lastKnownFileType = sourcecode.swift; path = AppointmentsDialog.swift; sourceTree = "<group>"; };
		E3D0FC8A2401CA0000533FDA /* RevenueDialog.swift */ = {isa = PBXFileReference; lastKnownFileType = sourcecode.swift; path = RevenueDialog.swift; sourceTree = "<group>"; };
		E3D70A6E244DDDBA000F7A25 /* AccountProfile.swift */ = {isa = PBXFileReference; lastKnownFileType = sourcecode.swift; path = AccountProfile.swift; sourceTree = "<group>"; };
		E3D70A70244DDF91000F7A25 /* SignInVM.swift */ = {isa = PBXFileReference; lastKnownFileType = sourcecode.swift; path = SignInVM.swift; sourceTree = "<group>"; };
		E3D70A72244DEC67000F7A25 /* ProfileManager.swift */ = {isa = PBXFileReference; lastKnownFileType = sourcecode.swift; path = ProfileManager.swift; sourceTree = "<group>"; };
		E3D70A75244DF1AA000F7A25 /* KeychainAccessibility.swift */ = {isa = PBXFileReference; lastKnownFileType = sourcecode.swift; path = KeychainAccessibility.swift; sourceTree = "<group>"; };
		E3D70A77244DF1DD000F7A25 /* KeychainWrapper.swift */ = {isa = PBXFileReference; lastKnownFileType = sourcecode.swift; path = KeychainWrapper.swift; sourceTree = "<group>"; };
		E3D70A79244DF22A000F7A25 /* AppConstants.swift */ = {isa = PBXFileReference; lastKnownFileType = sourcecode.swift; path = AppConstants.swift; sourceTree = "<group>"; };
		E3D70A7B244E1C4A000F7A25 /* SessionManager.swift */ = {isa = PBXFileReference; lastKnownFileType = sourcecode.swift; path = SessionManager.swift; sourceTree = "<group>"; };
		E3F41405240A03090058D60B /* ViewEventViewControllerPresentation.swift */ = {isa = PBXFileReference; lastKnownFileType = sourcecode.swift; path = ViewEventViewControllerPresentation.swift; sourceTree = "<group>"; };
		E3F414172411E6470058D60B /* SwiftyJSON.framework */ = {isa = PBXFileReference; explicitFileType = wrapper.framework; path = SwiftyJSON.framework; sourceTree = BUILT_PRODUCTS_DIR; };
		E3F414202411E8E90058D60B /* Alamofire.framework */ = {isa = PBXFileReference; explicitFileType = wrapper.framework; path = Alamofire.framework; sourceTree = BUILT_PRODUCTS_DIR; };
/* End PBXFileReference section */

/* Begin PBXFrameworksBuildPhase section */
		E35B4E9C23FCD69900BE1894 /* Frameworks */ = {
			isa = PBXFrameworksBuildPhase;
			buildActionMask = 2147483647;
			files = (
				E3F414242411E9420058D60B /* Alamofire.framework in Frameworks */,
				D2A3F8E6BA002023C0B83572 /* Pods_worksmart.framework in Frameworks */,
			);
			runOnlyForDeploymentPostprocessing = 0;
		};
/* End PBXFrameworksBuildPhase section */

/* Begin PBXGroup section */
		0183E9F595E11C057CDE0768 /* Pods */ = {
			isa = PBXGroup;
			children = (
				BE700F49B178A61ADCE93E32 /* Pods-worksmart.debug.xcconfig */,
				A82DB0497FF5835795DAE6D9 /* Pods-worksmart.release.xcconfig */,
			);
			path = Pods;
			sourceTree = "<group>";
		};
		E3394E4F23FE08A30071DD9E /* UIComponents */ = {
			isa = PBXGroup;
			children = (
				E3D0FC8A2401CA0000533FDA /* RevenueDialog.swift */,
				E3D0FC882401C84700533FDA /* AppointmentsDialog.swift */,
				E3584B1E242058FF00DFCBD2 /* ScratchFile.swift */,
				E3584B18241C22CF00DFCBD2 /* CustomColor.swift */,
				E3584B2024205ADE00DFCBD2 /* TapItem.swift */,
				E3394E4D23FE05380071DD9E /* SignupForm.swift */,
				E3394E4923FE00480071DD9E /* LoginForm.swift */,
				E3394E5023FE08CB0071DD9E /* LabelTextField.swift */,
				E3AAD9FA2401DCBB00EB187A /* EventsCalendarManager.swift */,
				E3584B16241C1B6500DFCBD2 /* ListItemWithRoundCornerBG.swift */,
				E3584B1A241E987D00DFCBD2 /* SectionView.swift */,
				E3584B1C241E9D5B00DFCBD2 /* AppointmentRow.swift */,
				E3584B2424206A1E00DFCBD2 /* TransactionRow.swift */,
				E376CBE824FC128C00398C97 /* ProductListView.swift */,
				E376CBEE24FC334200398C97 /* SelectedProductListView.swift */,
				E376CBF424FD63B100398C97 /* CheckoutView.swift */,
				E376CBF624FD6ABD00398C97 /* PrimaryButton.swift */,
				E376CBF824FD6E5200398C97 /* CheckoutUserInfoForm.swift */,
				E376CBFA24FD6F2000398C97 /* CreditCardInfoForm.swift */,
				E376CBFE24FDE85E00398C97 /* OrderDetailsView.swift */,
			);
			path = UIComponents;
			sourceTree = "<group>";
		};
		E3394E5223FE248B0071DD9E /* Views */ = {
			isa = PBXGroup;
			children = (
				E3584B2324205C5A00DFCBD2 /* navigator */,
				E3584B2224205C1200DFCBD2 /* Prototypes */,
				E35B4EB923FCD7CF00BE1894 /* LoginView.swift */,
				E35B4EA923FCD69900BE1894 /* MainScreen.swift */,
				E3394E4723FDDE890071DD9E /* LoginScreen.swift */,
				E3394E5323FE277B0071DD9E /* ProfileView.swift */,
				E3394E5523FE279B0071DD9E /* ScheduleView.swift */,
				E3394E5723FE27CC0071DD9E /* ReportsView.swift */,
				E3394E5923FE27F20071DD9E /* NotificationsView.swift */,
				E3584B14241C178900DFCBD2 /* ProfileViewv2.swift */,
				E3584B28242F789B00DFCBD2 /* ReportsOverview.swift */,
			);
			path = Views;
			sourceTree = "<group>";
		};
		E3584B2224205C1200DFCBD2 /* Prototypes */ = {
			isa = PBXGroup;
			children = (
				E3584B122419CD2600DFCBD2 /* BlurView.swift */,
			);
			path = Prototypes;
			sourceTree = "<group>";
		};
		E3584B2324205C5A00DFCBD2 /* navigator */ = {
			isa = PBXGroup;
			children = (
				E3394E4B23FE01D40071DD9E /* LoginRouter.swift */,
			);
			path = navigator;
			sourceTree = "<group>";
		};
		E35B4E9623FCD69900BE1894 = {
			isa = PBXGroup;
			children = (
				E35B4EA123FCD69900BE1894 /* worksmart */,
				E35B4EA023FCD69900BE1894 /* Products */,
				0183E9F595E11C057CDE0768 /* Pods */,
				F13812ECC4E1941F8C25D144 /* Frameworks */,
			);
			sourceTree = "<group>";
		};
		E35B4EA023FCD69900BE1894 /* Products */ = {
			isa = PBXGroup;
			children = (
				E35B4E9F23FCD69900BE1894 /* worksmart.app */,
			);
			name = Products;
			sourceTree = "<group>";
		};
		E35B4EA123FCD69900BE1894 /* worksmart */ = {
			isa = PBXGroup;
			children = (
				E3D70A74244DF195000F7A25 /* Util */,
				E3AAD9FC2401DFD600EB187A /* UIKitView */,
				E3D0FC8123FF523E00533FDA /* ViewModel */,
				E3D0FC7A23FE30EA00533FDA /* data */,
				E3D0FC7923FE309E00533FDA /* Network */,
				E3394E5223FE248B0071DD9E /* Views */,
				E3394E4F23FE08A30071DD9E /* UIComponents */,
				E35B4EA223FCD69900BE1894 /* AppDelegate.swift */,
				E35B4EA423FCD69900BE1894 /* SceneDelegate.swift */,
				E35B4EAB23FCD69B00BE1894 /* Assets.xcassets */,
				E35B4EB023FCD69B00BE1894 /* LaunchScreen.storyboard */,
				E3AADA0124036C6600EB187A /* MainStoryboard.storyboard */,
				E35B4EB323FCD69B00BE1894 /* Info.plist */,
				E35B4EA623FCD69900BE1894 /* worksmart.xcdatamodeld */,
				E35B4EAD23FCD69B00BE1894 /* Preview Content */,
			);
			path = worksmart;
			sourceTree = "<group>";
		};
		E35B4EAD23FCD69B00BE1894 /* Preview Content */ = {
			isa = PBXGroup;
			children = (
				E35B4EAE23FCD69B00BE1894 /* Preview Assets.xcassets */,
			);
			path = "Preview Content";
			sourceTree = "<group>";
		};
		E3AAD9FC2401DFD600EB187A /* UIKitView */ = {
			isa = PBXGroup;
			children = (
				E3AAD9FD2401DFF600EB187A /* EventsCalendarView.swift */,
				E3AAD9FF2401E26F00EB187A /* AddEventViewController.swift */,
				E3F41405240A03090058D60B /* ViewEventViewControllerPresentation.swift */,
				E3584B0E2413C80E00DFCBD2 /* ScannerViewController.swift */,
				E3584B102413C90800DFCBD2 /* ScannerViewPresentation.swift */,
			);
			path = UIKitView;
			sourceTree = "<group>";
		};
		E3D0FC7923FE309E00533FDA /* Network */ = {
			isa = PBXGroup;
			children = (
				E3D0FC7B23FE317600533FDA /* GPOSApi.swift */,
			);
			path = Network;
			sourceTree = "<group>";
		};
		E3D0FC7A23FE30EA00533FDA /* data */ = {
			isa = PBXGroup;
			children = (
				E3D0FC7D23FF463800533FDA /* UserProfile.swift */,
				E3D0FC7F23FF481B00533FDA /* ApiError.swift */,
				E3D0FC842401509000533FDA /* WeatherData.swift */,
				E3584B2624206B4100DFCBD2 /* Transaction.swift */,
				E3D70A6E244DDDBA000F7A25 /* AccountProfile.swift */,
				E3D70A72244DEC67000F7A25 /* ProfileManager.swift */,
				E3D70A7B244E1C4A000F7A25 /* SessionManager.swift */,
				E376CBE624FAD75A00398C97 /* Category.swift */,
				E376CBEC24FC1AD300398C97 /* TestData.swift */,
				E376CBF024FC731E00398C97 /* ProductsRepo.swift */,
				E376CBF224FC7BF600398C97 /* StorageManager.swift */,
				E376CBFC24FDE51B00398C97 /* OrderCart.swift */,
			);
			path = data;
			sourceTree = "<group>";
		};
		E3D0FC8123FF523E00533FDA /* ViewModel */ = {
			isa = PBXGroup;
			children = (
				E3D0FC8223FF525600533FDA /* ProfileVM.swift */,
				E3D0FC862401C0E900533FDA /* RowView.swift */,
				E3A1CE152444EE510085BB8D /* SignupVM.swift */,
				E3D70A70244DDF91000F7A25 /* SignInVM.swift */,
			);
			path = ViewModel;
			sourceTree = "<group>";
		};
		E3D70A74244DF195000F7A25 /* Util */ = {
			isa = PBXGroup;
			children = (
				E3D70A75244DF1AA000F7A25 /* KeychainAccessibility.swift */,
				E3D70A77244DF1DD000F7A25 /* KeychainWrapper.swift */,
				E3D70A79244DF22A000F7A25 /* AppConstants.swift */,
				E376CBE224B9455100398C97 /* DateUtil.swift */,
				E376CBE424B945D600398C97 /* ApiUtil.swift */,
			);
			path = Util;
			sourceTree = "<group>";
		};
		F13812ECC4E1941F8C25D144 /* Frameworks */ = {
			isa = PBXGroup;
			children = (
				E3F414202411E8E90058D60B /* Alamofire.framework */,
				E3F414172411E6470058D60B /* SwiftyJSON.framework */,
				771A1F3E1031ADA55C3B1385 /* Pods_worksmart.framework */,
			);
			name = Frameworks;
			sourceTree = "<group>";
		};
/* End PBXGroup section */

/* Begin PBXNativeTarget section */
		E35B4E9E23FCD69900BE1894 /* worksmart */ = {
			isa = PBXNativeTarget;
			buildConfigurationList = E35B4EB623FCD69B00BE1894 /* Build configuration list for PBXNativeTarget "worksmart" */;
			buildPhases = (
				AA2205E813A77770F2FC544D /* [CP] Check Pods Manifest.lock */,
				E35B4E9B23FCD69900BE1894 /* Sources */,
				E35B4E9C23FCD69900BE1894 /* Frameworks */,
				E35B4E9D23FCD69900BE1894 /* Resources */,
				E3F414112411E58F0058D60B /* Embed Frameworks */,
				64EEDD29967441404235392B /* [CP] Embed Pods Frameworks */,
			);
			buildRules = (
			);
			dependencies = (
			);
			name = worksmart;
			productName = worksmart;
			productReference = E35B4E9F23FCD69900BE1894 /* worksmart.app */;
			productType = "com.apple.product-type.application";
		};
/* End PBXNativeTarget section */

/* Begin PBXProject section */
		E35B4E9723FCD69900BE1894 /* Project object */ = {
			isa = PBXProject;
			attributes = {
				LastSwiftUpdateCheck = 1110;
				LastUpgradeCheck = 1110;
				ORGANIZATIONNAME = "Tin Le";
				TargetAttributes = {
					E35B4E9E23FCD69900BE1894 = {
						CreatedOnToolsVersion = 11.1;
					};
				};
			};
			buildConfigurationList = E35B4E9A23FCD69900BE1894 /* Build configuration list for PBXProject "worksmart" */;
			compatibilityVersion = "Xcode 9.3";
			developmentRegion = en;
			hasScannedForEncodings = 0;
			knownRegions = (
				en,
				Base,
			);
			mainGroup = E35B4E9623FCD69900BE1894;
			productRefGroup = E35B4EA023FCD69900BE1894 /* Products */;
			projectDirPath = "";
			projectRoot = "";
			targets = (
				E35B4E9E23FCD69900BE1894 /* worksmart */,
			);
		};
/* End PBXProject section */

/* Begin PBXResourcesBuildPhase section */
		E35B4E9D23FCD69900BE1894 /* Resources */ = {
			isa = PBXResourcesBuildPhase;
			buildActionMask = 2147483647;
			files = (
				E35B4EB223FCD69B00BE1894 /* LaunchScreen.storyboard in Resources */,
				E35B4EAF23FCD69B00BE1894 /* Preview Assets.xcassets in Resources */,
				E3AADA0224036C6600EB187A /* MainStoryboard.storyboard in Resources */,
				E35B4EAC23FCD69B00BE1894 /* Assets.xcassets in Resources */,
			);
			runOnlyForDeploymentPostprocessing = 0;
		};
/* End PBXResourcesBuildPhase section */

/* Begin PBXShellScriptBuildPhase section */
		64EEDD29967441404235392B /* [CP] Embed Pods Frameworks */ = {
			isa = PBXShellScriptBuildPhase;
			buildActionMask = 2147483647;
			files = (
			);
			inputFileListPaths = (
				"${PODS_ROOT}/Target Support Files/Pods-worksmart/Pods-worksmart-frameworks-${CONFIGURATION}-input-files.xcfilelist",
			);
			name = "[CP] Embed Pods Frameworks";
			outputFileListPaths = (
				"${PODS_ROOT}/Target Support Files/Pods-worksmart/Pods-worksmart-frameworks-${CONFIGURATION}-output-files.xcfilelist",
			);
			runOnlyForDeploymentPostprocessing = 0;
			shellPath = /bin/sh;
			shellScript = "\"${PODS_ROOT}/Target Support Files/Pods-worksmart/Pods-worksmart-frameworks.sh\"\n";
			showEnvVarsInLog = 0;
		};
		AA2205E813A77770F2FC544D /* [CP] Check Pods Manifest.lock */ = {
			isa = PBXShellScriptBuildPhase;
			buildActionMask = 2147483647;
			files = (
			);
			inputFileListPaths = (
			);
			inputPaths = (
				"${PODS_PODFILE_DIR_PATH}/Podfile.lock",
				"${PODS_ROOT}/Manifest.lock",
			);
			name = "[CP] Check Pods Manifest.lock";
			outputFileListPaths = (
			);
			outputPaths = (
				"$(DERIVED_FILE_DIR)/Pods-worksmart-checkManifestLockResult.txt",
			);
			runOnlyForDeploymentPostprocessing = 0;
			shellPath = /bin/sh;
			shellScript = "diff \"${PODS_PODFILE_DIR_PATH}/Podfile.lock\" \"${PODS_ROOT}/Manifest.lock\" > /dev/null\nif [ $? != 0 ] ; then\n    # print error to STDERR\n    echo \"error: The sandbox is not in sync with the Podfile.lock. Run 'pod install' or update your CocoaPods installation.\" >&2\n    exit 1\nfi\n# This output is used by Xcode 'outputs' to avoid re-running this script phase.\necho \"SUCCESS\" > \"${SCRIPT_OUTPUT_FILE_0}\"\n";
			showEnvVarsInLog = 0;
		};
/* End PBXShellScriptBuildPhase section */

/* Begin PBXSourcesBuildPhase section */
		E35B4E9B23FCD69900BE1894 /* Sources */ = {
			isa = PBXSourcesBuildPhase;
			buildActionMask = 2147483647;
			files = (
				E3584B2124205ADE00DFCBD2 /* TapItem.swift in Sources */,
				E376CBFF24FDE85E00398C97 /* OrderDetailsView.swift in Sources */,
				E3D0FC852401509000533FDA /* WeatherData.swift in Sources */,
				E3AADA002401E26F00EB187A /* AddEventViewController.swift in Sources */,
				E3584B1B241E987D00DFCBD2 /* SectionView.swift in Sources */,
				E3584B29242F789B00DFCBD2 /* ReportsOverview.swift in Sources */,
				E376CBEF24FC334300398C97 /* SelectedProductListView.swift in Sources */,
				E35B4EA823FCD69900BE1894 /* worksmart.xcdatamodeld in Sources */,
				E3D0FC8023FF481B00533FDA /* ApiError.swift in Sources */,
				E35B4EA323FCD69900BE1894 /* AppDelegate.swift in Sources */,
				E3394E4E23FE05380071DD9E /* SignupForm.swift in Sources */,
				E3D70A78244DF1DD000F7A25 /* KeychainWrapper.swift in Sources */,
				E3584B19241C22CF00DFCBD2 /* CustomColor.swift in Sources */,
				E3D70A76244DF1AA000F7A25 /* KeychainAccessibility.swift in Sources */,
				E3AAD9FE2401DFF600EB187A /* EventsCalendarView.swift in Sources */,
				E3584B2524206A1E00DFCBD2 /* TransactionRow.swift in Sources */,
				E3D0FC8323FF525600533FDA /* ProfileVM.swift in Sources */,
				E376CBFD24FDE51B00398C97 /* OrderCart.swift in Sources */,
				E376CBF924FD6E5200398C97 /* CheckoutUserInfoForm.swift in Sources */,
				E3584B1D241E9D5B00DFCBD2 /* AppointmentRow.swift in Sources */,
				E376CBF124FC731E00398C97 /* ProductsRepo.swift in Sources */,
				E35B4EAA23FCD69900BE1894 /* MainScreen.swift in Sources */,
				E3394E5423FE277B0071DD9E /* ProfileView.swift in Sources */,
				E3394E5623FE279B0071DD9E /* ScheduleView.swift in Sources */,
				E3D0FC7C23FE317600533FDA /* GPOSApi.swift in Sources */,
				E3394E5123FE08CB0071DD9E /* LabelTextField.swift in Sources */,
				E376CBE524B945D600398C97 /* ApiUtil.swift in Sources */,
				E376CBE324B9455100398C97 /* DateUtil.swift in Sources */,
				E3584B1F242058FF00DFCBD2 /* ScratchFile.swift in Sources */,
				E3D0FC872401C0E900533FDA /* RowView.swift in Sources */,
				E3584B17241C1B6500DFCBD2 /* ListItemWithRoundCornerBG.swift in Sources */,
				E376CBFB24FD6F2000398C97 /* CreditCardInfoForm.swift in Sources */,
				E3394E5823FE27CC0071DD9E /* ReportsView.swift in Sources */,
				E3AAD9FB2401DCBB00EB187A /* EventsCalendarManager.swift in Sources */,
				E3F41406240A03090058D60B /* ViewEventViewControllerPresentation.swift in Sources */,
				E3D70A7A244DF22A000F7A25 /* AppConstants.swift in Sources */,
				E3584B112413C90800DFCBD2 /* ScannerViewPresentation.swift in Sources */,
				E3A1CE162444EE510085BB8D /* SignupVM.swift in Sources */,
				E3584B15241C178900DFCBD2 /* ProfileViewv2.swift in Sources */,
				E3D70A6F244DDDBA000F7A25 /* AccountProfile.swift in Sources */,
				E3D70A7C244E1C4A000F7A25 /* SessionManager.swift in Sources */,
				E3584B132419CD2700DFCBD2 /* BlurView.swift in Sources */,
				E376CBF524FD63B100398C97 /* CheckoutView.swift in Sources */,
				E3D0FC892401C84700533FDA /* AppointmentsDialog.swift in Sources */,
				E35B4EBA23FCD7CF00BE1894 /* LoginView.swift in Sources */,
				E376CBF324FC7BF600398C97 /* StorageManager.swift in Sources */,
				E3394E4A23FE00480071DD9E /* LoginForm.swift in Sources */,
				E3584B2724206B4100DFCBD2 /* Transaction.swift in Sources */,
				E3D0FC8B2401CA0000533FDA /* RevenueDialog.swift in Sources */,
				E376CBE724FAD75A00398C97 /* Category.swift in Sources */,
				E35B4EA523FCD69900BE1894 /* SceneDelegate.swift in Sources */,
				E376CBED24FC1AD300398C97 /* TestData.swift in Sources */,
				E3584B0F2413C80E00DFCBD2 /* ScannerViewController.swift in Sources */,
				E3D0FC7E23FF463800533FDA /* UserProfile.swift in Sources */,
				E3D70A73244DEC67000F7A25 /* ProfileManager.swift in Sources */,
				E3D70A71244DDF91000F7A25 /* SignInVM.swift in Sources */,
				E3394E4C23FE01D40071DD9E /* LoginRouter.swift in Sources */,
				E376CBE924FC128C00398C97 /* ProductListView.swift in Sources */,
				E376CBF724FD6ABD00398C97 /* PrimaryButton.swift in Sources */,
				E3394E4823FDDE890071DD9E /* LoginScreen.swift in Sources */,
				E3394E5A23FE27F20071DD9E /* NotificationsView.swift in Sources */,
			);
			runOnlyForDeploymentPostprocessing = 0;
		};
/* End PBXSourcesBuildPhase section */

/* Begin PBXVariantGroup section */
		E35B4EB023FCD69B00BE1894 /* LaunchScreen.storyboard */ = {
			isa = PBXVariantGroup;
			children = (
				E35B4EB123FCD69B00BE1894 /* Base */,
			);
			name = LaunchScreen.storyboard;
			sourceTree = "<group>";
		};
/* End PBXVariantGroup section */

/* Begin XCBuildConfiguration section */
		E35B4EB423FCD69B00BE1894 /* Debug */ = {
			isa = XCBuildConfiguration;
			buildSettings = {
				ALWAYS_SEARCH_USER_PATHS = NO;
				CLANG_ANALYZER_NONNULL = YES;
				CLANG_ANALYZER_NUMBER_OBJECT_CONVERSION = YES_AGGRESSIVE;
				CLANG_CXX_LANGUAGE_STANDARD = "gnu++14";
				CLANG_CXX_LIBRARY = "libc++";
				CLANG_ENABLE_MODULES = YES;
				CLANG_ENABLE_OBJC_ARC = YES;
				CLANG_ENABLE_OBJC_WEAK = YES;
				CLANG_WARN_BLOCK_CAPTURE_AUTORELEASING = YES;
				CLANG_WARN_BOOL_CONVERSION = YES;
				CLANG_WARN_COMMA = YES;
				CLANG_WARN_CONSTANT_CONVERSION = YES;
				CLANG_WARN_DEPRECATED_OBJC_IMPLEMENTATIONS = YES;
				CLANG_WARN_DIRECT_OBJC_ISA_USAGE = YES_ERROR;
				CLANG_WARN_DOCUMENTATION_COMMENTS = YES;
				CLANG_WARN_EMPTY_BODY = YES;
				CLANG_WARN_ENUM_CONVERSION = YES;
				CLANG_WARN_INFINITE_RECURSION = YES;
				CLANG_WARN_INT_CONVERSION = YES;
				CLANG_WARN_NON_LITERAL_NULL_CONVERSION = YES;
				CLANG_WARN_OBJC_IMPLICIT_RETAIN_SELF = YES;
				CLANG_WARN_OBJC_LITERAL_CONVERSION = YES;
				CLANG_WARN_OBJC_ROOT_CLASS = YES_ERROR;
				CLANG_WARN_RANGE_LOOP_ANALYSIS = YES;
				CLANG_WARN_STRICT_PROTOTYPES = YES;
				CLANG_WARN_SUSPICIOUS_MOVE = YES;
				CLANG_WARN_UNGUARDED_AVAILABILITY = YES_AGGRESSIVE;
				CLANG_WARN_UNREACHABLE_CODE = YES;
				CLANG_WARN__DUPLICATE_METHOD_MATCH = YES;
				COPY_PHASE_STRIP = NO;
				DEBUG_INFORMATION_FORMAT = dwarf;
				ENABLE_STRICT_OBJC_MSGSEND = YES;
				ENABLE_TESTABILITY = YES;
				GCC_C_LANGUAGE_STANDARD = gnu11;
				GCC_DYNAMIC_NO_PIC = NO;
				GCC_NO_COMMON_BLOCKS = YES;
				GCC_OPTIMIZATION_LEVEL = 0;
				GCC_PREPROCESSOR_DEFINITIONS = (
					"DEBUG=1",
					"$(inherited)",
				);
				GCC_WARN_64_TO_32_BIT_CONVERSION = YES;
				GCC_WARN_ABOUT_RETURN_TYPE = YES_ERROR;
				GCC_WARN_UNDECLARED_SELECTOR = YES;
				GCC_WARN_UNINITIALIZED_AUTOS = YES_AGGRESSIVE;
				GCC_WARN_UNUSED_FUNCTION = YES;
				GCC_WARN_UNUSED_VARIABLE = YES;
				IPHONEOS_DEPLOYMENT_TARGET = 13.0;
				MTL_ENABLE_DEBUG_INFO = INCLUDE_SOURCE;
				MTL_FAST_MATH = YES;
				ONLY_ACTIVE_ARCH = YES;
				SDKROOT = iphoneos;
				SWIFT_ACTIVE_COMPILATION_CONDITIONS = DEBUG;
				SWIFT_OPTIMIZATION_LEVEL = "-Onone";
				SWIFT_VERSION = 5.0;
			};
			name = Debug;
		};
		E35B4EB523FCD69B00BE1894 /* Release */ = {
			isa = XCBuildConfiguration;
			buildSettings = {
				ALWAYS_SEARCH_USER_PATHS = NO;
				CLANG_ANALYZER_NONNULL = YES;
				CLANG_ANALYZER_NUMBER_OBJECT_CONVERSION = YES_AGGRESSIVE;
				CLANG_CXX_LANGUAGE_STANDARD = "gnu++14";
				CLANG_CXX_LIBRARY = "libc++";
				CLANG_ENABLE_MODULES = YES;
				CLANG_ENABLE_OBJC_ARC = YES;
				CLANG_ENABLE_OBJC_WEAK = YES;
				CLANG_WARN_BLOCK_CAPTURE_AUTORELEASING = YES;
				CLANG_WARN_BOOL_CONVERSION = YES;
				CLANG_WARN_COMMA = YES;
				CLANG_WARN_CONSTANT_CONVERSION = YES;
				CLANG_WARN_DEPRECATED_OBJC_IMPLEMENTATIONS = YES;
				CLANG_WARN_DIRECT_OBJC_ISA_USAGE = YES_ERROR;
				CLANG_WARN_DOCUMENTATION_COMMENTS = YES;
				CLANG_WARN_EMPTY_BODY = YES;
				CLANG_WARN_ENUM_CONVERSION = YES;
				CLANG_WARN_INFINITE_RECURSION = YES;
				CLANG_WARN_INT_CONVERSION = YES;
				CLANG_WARN_NON_LITERAL_NULL_CONVERSION = YES;
				CLANG_WARN_OBJC_IMPLICIT_RETAIN_SELF = YES;
				CLANG_WARN_OBJC_LITERAL_CONVERSION = YES;
				CLANG_WARN_OBJC_ROOT_CLASS = YES_ERROR;
				CLANG_WARN_RANGE_LOOP_ANALYSIS = YES;
				CLANG_WARN_STRICT_PROTOTYPES = YES;
				CLANG_WARN_SUSPICIOUS_MOVE = YES;
				CLANG_WARN_UNGUARDED_AVAILABILITY = YES_AGGRESSIVE;
				CLANG_WARN_UNREACHABLE_CODE = YES;
				CLANG_WARN__DUPLICATE_METHOD_MATCH = YES;
				COPY_PHASE_STRIP = NO;
				DEBUG_INFORMATION_FORMAT = "dwarf-with-dsym";
				ENABLE_NS_ASSERTIONS = NO;
				ENABLE_STRICT_OBJC_MSGSEND = YES;
				GCC_C_LANGUAGE_STANDARD = gnu11;
				GCC_NO_COMMON_BLOCKS = YES;
				GCC_WARN_64_TO_32_BIT_CONVERSION = YES;
				GCC_WARN_ABOUT_RETURN_TYPE = YES_ERROR;
				GCC_WARN_UNDECLARED_SELECTOR = YES;
				GCC_WARN_UNINITIALIZED_AUTOS = YES_AGGRESSIVE;
				GCC_WARN_UNUSED_FUNCTION = YES;
				GCC_WARN_UNUSED_VARIABLE = YES;
				IPHONEOS_DEPLOYMENT_TARGET = 13.0;
				MTL_ENABLE_DEBUG_INFO = NO;
				MTL_FAST_MATH = YES;
				ONLY_ACTIVE_ARCH = YES;
				SDKROOT = iphoneos;
				SWIFT_COMPILATION_MODE = wholemodule;
				SWIFT_OPTIMIZATION_LEVEL = "-O";
				SWIFT_VERSION = 5.0;
				VALIDATE_PRODUCT = YES;
			};
			name = Release;
		};
		E35B4EB723FCD69B00BE1894 /* Debug */ = {
			isa = XCBuildConfiguration;
			baseConfigurationReference = BE700F49B178A61ADCE93E32 /* Pods-worksmart.debug.xcconfig */;
			buildSettings = {
				ASSETCATALOG_COMPILER_APPICON_NAME = AppIcon;
				CODE_SIGN_IDENTITY = "Apple Development";
				CODE_SIGN_STYLE = Automatic;
				DEVELOPMENT_ASSET_PATHS = "\"worksmart/Preview Content\"";
				DEVELOPMENT_TEAM = PH6WM5VE5P;
				ENABLE_PREVIEWS = YES;
				INFOPLIST_FILE = worksmart/Info.plist;
				LD_RUNPATH_SEARCH_PATHS = (
					"$(inherited)",
					"@executable_path/Frameworks",
				);
				PRODUCT_BUNDLE_IDENTIFIER = com.gpos.smartwork;
				PRODUCT_NAME = "$(TARGET_NAME)";
				PROVISIONING_PROFILE_SPECIFIER = "";
				SWIFT_VERSION = 5.0;
				TARGETED_DEVICE_FAMILY = 1;
			};
			name = Debug;
		};
		E35B4EB823FCD69B00BE1894 /* Release */ = {
			isa = XCBuildConfiguration;
			baseConfigurationReference = A82DB0497FF5835795DAE6D9 /* Pods-worksmart.release.xcconfig */;
			buildSettings = {
				ASSETCATALOG_COMPILER_APPICON_NAME = AppIcon;
				CODE_SIGN_IDENTITY = "Apple Development";
				CODE_SIGN_STYLE = Automatic;
				DEVELOPMENT_ASSET_PATHS = "\"worksmart/Preview Content\"";
				DEVELOPMENT_TEAM = PH6WM5VE5P;
				ENABLE_PREVIEWS = YES;
				INFOPLIST_FILE = worksmart/Info.plist;
				LD_RUNPATH_SEARCH_PATHS = (
					"$(inherited)",
					"@executable_path/Frameworks",
				);
				PRODUCT_BUNDLE_IDENTIFIER = com.gpos.smartwork;
				PRODUCT_NAME = "$(TARGET_NAME)";
				PROVISIONING_PROFILE_SPECIFIER = "";
				SWIFT_VERSION = 5.0;
				TARGETED_DEVICE_FAMILY = 1;
			};
			name = Release;
		};
/* End XCBuildConfiguration section */

/* Begin XCConfigurationList section */
		E35B4E9A23FCD69900BE1894 /* Build configuration list for PBXProject "worksmart" */ = {
			isa = XCConfigurationList;
			buildConfigurations = (
				E35B4EB423FCD69B00BE1894 /* Debug */,
				E35B4EB523FCD69B00BE1894 /* Release */,
			);
			defaultConfigurationIsVisible = 0;
			defaultConfigurationName = Release;
		};
		E35B4EB623FCD69B00BE1894 /* Build configuration list for PBXNativeTarget "worksmart" */ = {
			isa = XCConfigurationList;
			buildConfigurations = (
				E35B4EB723FCD69B00BE1894 /* Debug */,
				E35B4EB823FCD69B00BE1894 /* Release */,
			);
			defaultConfigurationIsVisible = 0;
			defaultConfigurationName = Release;
		};
/* End XCConfigurationList section */

/* Begin XCVersionGroup section */
		E35B4EA623FCD69900BE1894 /* worksmart.xcdatamodeld */ = {
			isa = XCVersionGroup;
			children = (
				E35B4EA723FCD69900BE1894 /* worksmart.xcdatamodel */,
			);
			currentVersion = E35B4EA723FCD69900BE1894 /* worksmart.xcdatamodel */;
			path = worksmart.xcdatamodeld;
			sourceTree = "<group>";
			versionGroupType = wrapper.xcdatamodel;
		};
/* End XCVersionGroup section */
	};
	rootObject = E35B4E9723FCD69900BE1894 /* Project object */;
}
