// !$*UTF8*$!
{
	archiveVersion = 1;
	classes = {
	};
	objectVersion = 51;
	objects = {

/* Begin PBXBuildFile section */
		66F8A1C91EFD1A5228EAFBEE /* Pods_worksmart.framework in Frameworks */ = {isa = PBXBuildFile; fileRef = 1E89CC183B72D8024F57DC20 /* Pods_worksmart.framework */; };
		E3394E4823FDDE890071DD9E /* LoginScreen.swift in Sources */ = {isa = PBXBuildFile; fileRef = E3394E4723FDDE890071DD9E /* LoginScreen.swift */; };
		E3394E4A23FE00480071DD9E /* LoginForm.swift in Sources */ = {isa = PBXBuildFile; fileRef = E3394E4923FE00480071DD9E /* LoginForm.swift */; };
		E3394E4C23FE01D40071DD9E /* LoginRouter.swift in Sources */ = {isa = PBXBuildFile; fileRef = E3394E4B23FE01D40071DD9E /* LoginRouter.swift */; };
		E3394E4E23FE05380071DD9E /* SignupForm.swift in Sources */ = {isa = PBXBuildFile; fileRef = E3394E4D23FE05380071DD9E /* SignupForm.swift */; };
		E3394E5123FE08CB0071DD9E /* LabelTextField.swift in Sources */ = {isa = PBXBuildFile; fileRef = E3394E5023FE08CB0071DD9E /* LabelTextField.swift */; };
		E3394E5423FE277B0071DD9E /* ProfileView.swift in Sources */ = {isa = PBXBuildFile; fileRef = E3394E5323FE277B0071DD9E /* ProfileView.swift */; };
		E3394E5623FE279B0071DD9E /* ScheduleView.swift in Sources */ = {isa = PBXBuildFile; fileRef = E3394E5523FE279B0071DD9E /* ScheduleView.swift */; };
		E3394E5823FE27CC0071DD9E /* ReportsView.swift in Sources */ = {isa = PBXBuildFile; fileRef = E3394E5723FE27CC0071DD9E /* ReportsView.swift */; };
		E3394E5A23FE27F20071DD9E /* NotificationsView.swift in Sources */ = {isa = PBXBuildFile; fileRef = E3394E5923FE27F20071DD9E /* NotificationsView.swift */; };
		E35B4EA323FCD69900BE1894 /* AppDelegate.swift in Sources */ = {isa = PBXBuildFile; fileRef = E35B4EA223FCD69900BE1894 /* AppDelegate.swift */; };
		E35B4EA523FCD69900BE1894 /* SceneDelegate.swift in Sources */ = {isa = PBXBuildFile; fileRef = E35B4EA423FCD69900BE1894 /* SceneDelegate.swift */; };
		E35B4EA823FCD69900BE1894 /* worksmart.xcdatamodeld in Sources */ = {isa = PBXBuildFile; fileRef = E35B4EA623FCD69900BE1894 /* worksmart.xcdatamodeld */; };
		E35B4EAA23FCD69900BE1894 /* MainScreen.swift in Sources */ = {isa = PBXBuildFile; fileRef = E35B4EA923FCD69900BE1894 /* MainScreen.swift */; };
		E35B4EAC23FCD69B00BE1894 /* Assets.xcassets in Resources */ = {isa = PBXBuildFile; fileRef = E35B4EAB23FCD69B00BE1894 /* Assets.xcassets */; };
		E35B4EAF23FCD69B00BE1894 /* Preview Assets.xcassets in Resources */ = {isa = PBXBuildFile; fileRef = E35B4EAE23FCD69B00BE1894 /* Preview Assets.xcassets */; };
		E35B4EB223FCD69B00BE1894 /* LaunchScreen.storyboard in Resources */ = {isa = PBXBuildFile; fileRef = E35B4EB023FCD69B00BE1894 /* LaunchScreen.storyboard */; };
		E35B4EBA23FCD7CF00BE1894 /* LoginView.swift in Sources */ = {isa = PBXBuildFile; fileRef = E35B4EB923FCD7CF00BE1894 /* LoginView.swift */; };
		E3D0FC7C23FE317600533FDA /* GPOSApi.swift in Sources */ = {isa = PBXBuildFile; fileRef = E3D0FC7B23FE317600533FDA /* GPOSApi.swift */; };
		E3D0FC7E23FF463800533FDA /* UserProfile.swift in Sources */ = {isa = PBXBuildFile; fileRef = E3D0FC7D23FF463800533FDA /* UserProfile.swift */; };
		E3D0FC8023FF481B00533FDA /* ApiError.swift in Sources */ = {isa = PBXBuildFile; fileRef = E3D0FC7F23FF481B00533FDA /* ApiError.swift */; };
		E3D0FC8323FF525600533FDA /* ProfileVM.swift in Sources */ = {isa = PBXBuildFile; fileRef = E3D0FC8223FF525600533FDA /* ProfileVM.swift */; };
		E3D0FC852401509000533FDA /* WeatherData.swift in Sources */ = {isa = PBXBuildFile; fileRef = E3D0FC842401509000533FDA /* WeatherData.swift */; };
		E3D0FC872401C0E900533FDA /* RowView.swift in Sources */ = {isa = PBXBuildFile; fileRef = E3D0FC862401C0E900533FDA /* RowView.swift */; };
		E3D0FC892401C84700533FDA /* AppointmentsDialog.swift in Sources */ = {isa = PBXBuildFile; fileRef = E3D0FC882401C84700533FDA /* AppointmentsDialog.swift */; };
		E3D0FC8B2401CA0000533FDA /* RevenueDialog.swift in Sources */ = {isa = PBXBuildFile; fileRef = E3D0FC8A2401CA0000533FDA /* RevenueDialog.swift */; };
/* End PBXBuildFile section */

/* Begin PBXFileReference section */
		1E89CC183B72D8024F57DC20 /* Pods_worksmart.framework */ = {isa = PBXFileReference; explicitFileType = wrapper.framework; includeInIndex = 0; path = Pods_worksmart.framework; sourceTree = BUILT_PRODUCTS_DIR; };
		29CEB2C822DD62B1264C12CC /* Pods-worksmart.debug.xcconfig */ = {isa = PBXFileReference; includeInIndex = 1; lastKnownFileType = text.xcconfig; name = "Pods-worksmart.debug.xcconfig"; path = "Target Support Files/Pods-worksmart/Pods-worksmart.debug.xcconfig"; sourceTree = "<group>"; };
		E3394E4723FDDE890071DD9E /* LoginScreen.swift */ = {isa = PBXFileReference; lastKnownFileType = sourcecode.swift; path = LoginScreen.swift; sourceTree = "<group>"; };
		E3394E4923FE00480071DD9E /* LoginForm.swift */ = {isa = PBXFileReference; lastKnownFileType = sourcecode.swift; path = LoginForm.swift; sourceTree = "<group>"; };
		E3394E4B23FE01D40071DD9E /* LoginRouter.swift */ = {isa = PBXFileReference; lastKnownFileType = sourcecode.swift; path = LoginRouter.swift; sourceTree = "<group>"; };
		E3394E4D23FE05380071DD9E /* SignupForm.swift */ = {isa = PBXFileReference; lastKnownFileType = sourcecode.swift; path = SignupForm.swift; sourceTree = "<group>"; };
		E3394E5023FE08CB0071DD9E /* LabelTextField.swift */ = {isa = PBXFileReference; lastKnownFileType = sourcecode.swift; path = LabelTextField.swift; sourceTree = "<group>"; };
		E3394E5323FE277B0071DD9E /* ProfileView.swift */ = {isa = PBXFileReference; lastKnownFileType = sourcecode.swift; path = ProfileView.swift; sourceTree = "<group>"; };
		E3394E5523FE279B0071DD9E /* ScheduleView.swift */ = {isa = PBXFileReference; lastKnownFileType = sourcecode.swift; path = ScheduleView.swift; sourceTree = "<group>"; };
		E3394E5723FE27CC0071DD9E /* ReportsView.swift */ = {isa = PBXFileReference; lastKnownFileType = sourcecode.swift; path = ReportsView.swift; sourceTree = "<group>"; };
		E3394E5923FE27F20071DD9E /* NotificationsView.swift */ = {isa = PBXFileReference; lastKnownFileType = sourcecode.swift; path = NotificationsView.swift; sourceTree = "<group>"; };
		E35B4E9F23FCD69900BE1894 /* worksmart.app */ = {isa = PBXFileReference; explicitFileType = wrapper.application; includeInIndex = 0; path = worksmart.app; sourceTree = BUILT_PRODUCTS_DIR; };
		E35B4EA223FCD69900BE1894 /* AppDelegate.swift */ = {isa = PBXFileReference; lastKnownFileType = sourcecode.swift; path = AppDelegate.swift; sourceTree = "<group>"; };
		E35B4EA423FCD69900BE1894 /* SceneDelegate.swift */ = {isa = PBXFileReference; lastKnownFileType = sourcecode.swift; path = SceneDelegate.swift; sourceTree = "<group>"; };
		E35B4EA723FCD69900BE1894 /* worksmart.xcdatamodel */ = {isa = PBXFileReference; lastKnownFileType = wrapper.xcdatamodel; path = worksmart.xcdatamodel; sourceTree = "<group>"; };
		E35B4EA923FCD69900BE1894 /* MainScreen.swift */ = {isa = PBXFileReference; lastKnownFileType = sourcecode.swift; path = MainScreen.swift; sourceTree = "<group>"; };
		E35B4EAB23FCD69B00BE1894 /* Assets.xcassets */ = {isa = PBXFileReference; lastKnownFileType = folder.assetcatalog; path = Assets.xcassets; sourceTree = "<group>"; };
		E35B4EAE23FCD69B00BE1894 /* Preview Assets.xcassets */ = {isa = PBXFileReference; lastKnownFileType = folder.assetcatalog; path = "Preview Assets.xcassets"; sourceTree = "<group>"; };
		E35B4EB123FCD69B00BE1894 /* Base */ = {isa = PBXFileReference; lastKnownFileType = file.storyboard; name = Base; path = Base.lproj/LaunchScreen.storyboard; sourceTree = "<group>"; };
		E35B4EB323FCD69B00BE1894 /* Info.plist */ = {isa = PBXFileReference; lastKnownFileType = text.plist.xml; path = Info.plist; sourceTree = "<group>"; };
		E35B4EB923FCD7CF00BE1894 /* LoginView.swift */ = {isa = PBXFileReference; lastKnownFileType = sourcecode.swift; path = LoginView.swift; sourceTree = "<group>"; };
		E3D0FC7B23FE317600533FDA /* GPOSApi.swift */ = {isa = PBXFileReference; lastKnownFileType = sourcecode.swift; path = GPOSApi.swift; sourceTree = "<group>"; };
		E3D0FC7D23FF463800533FDA /* UserProfile.swift */ = {isa = PBXFileReference; lastKnownFileType = sourcecode.swift; path = UserProfile.swift; sourceTree = "<group>"; };
		E3D0FC7F23FF481B00533FDA /* ApiError.swift */ = {isa = PBXFileReference; lastKnownFileType = sourcecode.swift; path = ApiError.swift; sourceTree = "<group>"; };
		E3D0FC8223FF525600533FDA /* ProfileVM.swift */ = {isa = PBXFileReference; lastKnownFileType = sourcecode.swift; path = ProfileVM.swift; sourceTree = "<group>"; };
		E3D0FC842401509000533FDA /* WeatherData.swift */ = {isa = PBXFileReference; lastKnownFileType = sourcecode.swift; path = WeatherData.swift; sourceTree = "<group>"; };
		E3D0FC862401C0E900533FDA /* RowView.swift */ = {isa = PBXFileReference; lastKnownFileType = sourcecode.swift; path = RowView.swift; sourceTree = "<group>"; };
		E3D0FC882401C84700533FDA /* AppointmentsDialog.swift */ = {isa = PBXFileReference; lastKnownFileType = sourcecode.swift; path = AppointmentsDialog.swift; sourceTree = "<group>"; };
		E3D0FC8A2401CA0000533FDA /* RevenueDialog.swift */ = {isa = PBXFileReference; lastKnownFileType = sourcecode.swift; path = RevenueDialog.swift; sourceTree = "<group>"; };
		E9CA5EA237B5E978E48EE95D /* Pods-worksmart.release.xcconfig */ = {isa = PBXFileReference; includeInIndex = 1; lastKnownFileType = text.xcconfig; name = "Pods-worksmart.release.xcconfig"; path = "Target Support Files/Pods-worksmart/Pods-worksmart.release.xcconfig"; sourceTree = "<group>"; };
/* End PBXFileReference section */

/* Begin PBXFrameworksBuildPhase section */
		E35B4E9C23FCD69900BE1894 /* Frameworks */ = {
			isa = PBXFrameworksBuildPhase;
			buildActionMask = 2147483647;
			files = (
				66F8A1C91EFD1A5228EAFBEE /* Pods_worksmart.framework in Frameworks */,
			);
			runOnlyForDeploymentPostprocessing = 0;
		};
/* End PBXFrameworksBuildPhase section */

/* Begin PBXGroup section */
		0183E9F595E11C057CDE0768 /* Pods */ = {
			isa = PBXGroup;
			children = (
				29CEB2C822DD62B1264C12CC /* Pods-worksmart.debug.xcconfig */,
				E9CA5EA237B5E978E48EE95D /* Pods-worksmart.release.xcconfig */,
			);
			path = Pods;
			sourceTree = "<group>";
		};
		E3394E4F23FE08A30071DD9E /* UIComponents */ = {
			isa = PBXGroup;
			children = (
				E3394E4D23FE05380071DD9E /* SignupForm.swift */,
				E3394E4923FE00480071DD9E /* LoginForm.swift */,
				E3394E5023FE08CB0071DD9E /* LabelTextField.swift */,
			);
			path = UIComponents;
			sourceTree = "<group>";
		};
		E3394E5223FE248B0071DD9E /* Views */ = {
			isa = PBXGroup;
			children = (
				E35B4EB923FCD7CF00BE1894 /* LoginView.swift */,
				E35B4EA923FCD69900BE1894 /* MainScreen.swift */,
				E3394E4B23FE01D40071DD9E /* LoginRouter.swift */,
				E3394E4723FDDE890071DD9E /* LoginScreen.swift */,
				E3394E5323FE277B0071DD9E /* ProfileView.swift */,
				E3394E5523FE279B0071DD9E /* ScheduleView.swift */,
				E3394E5723FE27CC0071DD9E /* ReportsView.swift */,
				E3394E5923FE27F20071DD9E /* NotificationsView.swift */,
				E3D0FC882401C84700533FDA /* AppointmentsDialog.swift */,
				E3D0FC8A2401CA0000533FDA /* RevenueDialog.swift */,
			);
			path = Views;
			sourceTree = "<group>";
		};
		E35B4E9623FCD69900BE1894 = {
			isa = PBXGroup;
			children = (
				E35B4EA123FCD69900BE1894 /* worksmart */,
				E35B4EA023FCD69900BE1894 /* Products */,
				0183E9F595E11C057CDE0768 /* Pods */,
				F13812ECC4E1941F8C25D144 /* Frameworks */,
			);
			sourceTree = "<group>";
		};
		E35B4EA023FCD69900BE1894 /* Products */ = {
			isa = PBXGroup;
			children = (
				E35B4E9F23FCD69900BE1894 /* worksmart.app */,
			);
			name = Products;
			sourceTree = "<group>";
		};
		E35B4EA123FCD69900BE1894 /* worksmart */ = {
			isa = PBXGroup;
			children = (
				E3D0FC8123FF523E00533FDA /* ViewModel */,
				E3D0FC7A23FE30EA00533FDA /* data */,
				E3D0FC7923FE309E00533FDA /* Network */,
				E3394E5223FE248B0071DD9E /* Views */,
				E3394E4F23FE08A30071DD9E /* UIComponents */,
				E35B4EA223FCD69900BE1894 /* AppDelegate.swift */,
				E35B4EA423FCD69900BE1894 /* SceneDelegate.swift */,
				E35B4EAB23FCD69B00BE1894 /* Assets.xcassets */,
				E35B4EB023FCD69B00BE1894 /* LaunchScreen.storyboard */,
				E35B4EB323FCD69B00BE1894 /* Info.plist */,
				E35B4EA623FCD69900BE1894 /* worksmart.xcdatamodeld */,
				E35B4EAD23FCD69B00BE1894 /* Preview Content */,
			);
			path = worksmart;
			sourceTree = "<group>";
		};
		E35B4EAD23FCD69B00BE1894 /* Preview Content */ = {
			isa = PBXGroup;
			children = (
				E35B4EAE23FCD69B00BE1894 /* Preview Assets.xcassets */,
			);
			path = "Preview Content";
			sourceTree = "<group>";
		};
		E3D0FC7923FE309E00533FDA /* Network */ = {
			isa = PBXGroup;
			children = (
				E3D0FC7B23FE317600533FDA /* GPOSApi.swift */,
			);
			path = Network;
			sourceTree = "<group>";
		};
		E3D0FC7A23FE30EA00533FDA /* data */ = {
			isa = PBXGroup;
			children = (
				E3D0FC7D23FF463800533FDA /* UserProfile.swift */,
				E3D0FC7F23FF481B00533FDA /* ApiError.swift */,
				E3D0FC842401509000533FDA /* WeatherData.swift */,
			);
			path = data;
			sourceTree = "<group>";
		};
		E3D0FC8123FF523E00533FDA /* ViewModel */ = {
			isa = PBXGroup;
			children = (
				E3D0FC8223FF525600533FDA /* ProfileVM.swift */,
				E3D0FC862401C0E900533FDA /* RowView.swift */,
			);
			path = ViewModel;
			sourceTree = "<group>";
		};
		F13812ECC4E1941F8C25D144 /* Frameworks */ = {
			isa = PBXGroup;
			children = (
				1E89CC183B72D8024F57DC20 /* Pods_worksmart.framework */,
			);
			name = Frameworks;
			sourceTree = "<group>";
		};
/* End PBXGroup section */

/* Begin PBXNativeTarget section */
		E35B4E9E23FCD69900BE1894 /* worksmart */ = {
			isa = PBXNativeTarget;
			buildConfigurationList = E35B4EB623FCD69B00BE1894 /* Build configuration list for PBXNativeTarget "worksmart" */;
			buildPhases = (
				4901CB4641CD829B96C97292 /* [CP] Check Pods Manifest.lock */,
				E35B4E9B23FCD69900BE1894 /* Sources */,
				E35B4E9C23FCD69900BE1894 /* Frameworks */,
				E35B4E9D23FCD69900BE1894 /* Resources */,
				65E808DEB819774E8B895B6C /* [CP] Embed Pods Frameworks */,
			);
			buildRules = (
			);
			dependencies = (
			);
			name = worksmart;
			productName = worksmart;
			productReference = E35B4E9F23FCD69900BE1894 /* worksmart.app */;
			productType = "com.apple.product-type.application";
		};
/* End PBXNativeTarget section */

/* Begin PBXProject section */
		E35B4E9723FCD69900BE1894 /* Project object */ = {
			isa = PBXProject;
			attributes = {
				LastSwiftUpdateCheck = 1110;
				LastUpgradeCheck = 1110;
				ORGANIZATIONNAME = "Tin Le";
				TargetAttributes = {
					E35B4E9E23FCD69900BE1894 = {
						CreatedOnToolsVersion = 11.1;
					};
				};
			};
			buildConfigurationList = E35B4E9A23FCD69900BE1894 /* Build configuration list for PBXProject "worksmart" */;
			compatibilityVersion = "Xcode 9.3";
			developmentRegion = en;
			hasScannedForEncodings = 0;
			knownRegions = (
				en,
				Base,
			);
			mainGroup = E35B4E9623FCD69900BE1894;
			productRefGroup = E35B4EA023FCD69900BE1894 /* Products */;
			projectDirPath = "";
			projectRoot = "";
			targets = (
				E35B4E9E23FCD69900BE1894 /* worksmart */,
			);
		};
/* End PBXProject section */

/* Begin PBXResourcesBuildPhase section */
		E35B4E9D23FCD69900BE1894 /* Resources */ = {
			isa = PBXResourcesBuildPhase;
			buildActionMask = 2147483647;
			files = (
				E35B4EB223FCD69B00BE1894 /* LaunchScreen.storyboard in Resources */,
				E35B4EAF23FCD69B00BE1894 /* Preview Assets.xcassets in Resources */,
				E35B4EAC23FCD69B00BE1894 /* Assets.xcassets in Resources */,
			);
			runOnlyForDeploymentPostprocessing = 0;
		};
/* End PBXResourcesBuildPhase section */

/* Begin PBXShellScriptBuildPhase section */
		4901CB4641CD829B96C97292 /* [CP] Check Pods Manifest.lock */ = {
			isa = PBXShellScriptBuildPhase;
			buildActionMask = 2147483647;
			files = (
			);
			inputFileListPaths = (
			);
			inputPaths = (
				"${PODS_PODFILE_DIR_PATH}/Podfile.lock",
				"${PODS_ROOT}/Manifest.lock",
			);
			name = "[CP] Check Pods Manifest.lock";
			outputFileListPaths = (
			);
			outputPaths = (
				"$(DERIVED_FILE_DIR)/Pods-worksmart-checkManifestLockResult.txt",
			);
			runOnlyForDeploymentPostprocessing = 0;
			shellPath = /bin/sh;
			shellScript = "diff \"${PODS_PODFILE_DIR_PATH}/Podfile.lock\" \"${PODS_ROOT}/Manifest.lock\" > /dev/null\nif [ $? != 0 ] ; then\n    # print error to STDERR\n    echo \"error: The sandbox is not in sync with the Podfile.lock. Run 'pod install' or update your CocoaPods installation.\" >&2\n    exit 1\nfi\n# This output is used by Xcode 'outputs' to avoid re-running this script phase.\necho \"SUCCESS\" > \"${SCRIPT_OUTPUT_FILE_0}\"\n";
			showEnvVarsInLog = 0;
		};
		65E808DEB819774E8B895B6C /* [CP] Embed Pods Frameworks */ = {
			isa = PBXShellScriptBuildPhase;
			buildActionMask = 2147483647;
			files = (
			);
			inputFileListPaths = (
				"${PODS_ROOT}/Target Support Files/Pods-worksmart/Pods-worksmart-frameworks-${CONFIGURATION}-input-files.xcfilelist",
			);
			name = "[CP] Embed Pods Frameworks";
			outputFileListPaths = (
				"${PODS_ROOT}/Target Support Files/Pods-worksmart/Pods-worksmart-frameworks-${CONFIGURATION}-output-files.xcfilelist",
			);
			runOnlyForDeploymentPostprocessing = 0;
			shellPath = /bin/sh;
			shellScript = "\"${PODS_ROOT}/Target Support Files/Pods-worksmart/Pods-worksmart-frameworks.sh\"\n";
			showEnvVarsInLog = 0;
		};
/* End PBXShellScriptBuildPhase section */

/* Begin PBXSourcesBuildPhase section */
		E35B4E9B23FCD69900BE1894 /* Sources */ = {
			isa = PBXSourcesBuildPhase;
			buildActionMask = 2147483647;
			files = (
				E3D0FC852401509000533FDA /* WeatherData.swift in Sources */,
				E35B4EA823FCD69900BE1894 /* worksmart.xcdatamodeld in Sources */,
				E3D0FC8023FF481B00533FDA /* ApiError.swift in Sources */,
				E35B4EA323FCD69900BE1894 /* AppDelegate.swift in Sources */,
				E3394E4E23FE05380071DD9E /* SignupForm.swift in Sources */,
				E3D0FC8323FF525600533FDA /* ProfileVM.swift in Sources */,
				E35B4EAA23FCD69900BE1894 /* MainScreen.swift in Sources */,
				E3394E5423FE277B0071DD9E /* ProfileView.swift in Sources */,
				E3394E5623FE279B0071DD9E /* ScheduleView.swift in Sources */,
				E3D0FC7C23FE317600533FDA /* GPOSApi.swift in Sources */,
				E3394E5123FE08CB0071DD9E /* LabelTextField.swift in Sources */,
				E3D0FC872401C0E900533FDA /* RowView.swift in Sources */,
				E3394E5823FE27CC0071DD9E /* ReportsView.swift in Sources */,
				E3D0FC892401C84700533FDA /* AppointmentsDialog.swift in Sources */,
				E35B4EBA23FCD7CF00BE1894 /* LoginView.swift in Sources */,
				E3394E4A23FE00480071DD9E /* LoginForm.swift in Sources */,
				E3D0FC8B2401CA0000533FDA /* RevenueDialog.swift in Sources */,
				E35B4EA523FCD69900BE1894 /* SceneDelegate.swift in Sources */,
				E3D0FC7E23FF463800533FDA /* UserProfile.swift in Sources */,
				E3394E4C23FE01D40071DD9E /* LoginRouter.swift in Sources */,
				E3394E4823FDDE890071DD9E /* LoginScreen.swift in Sources */,
				E3394E5A23FE27F20071DD9E /* NotificationsView.swift in Sources */,
			);
			runOnlyForDeploymentPostprocessing = 0;
		};
/* End PBXSourcesBuildPhase section */

/* Begin PBXVariantGroup section */
		E35B4EB023FCD69B00BE1894 /* LaunchScreen.storyboard */ = {
			isa = PBXVariantGroup;
			children = (
				E35B4EB123FCD69B00BE1894 /* Base */,
			);
			name = LaunchScreen.storyboard;
			sourceTree = "<group>";
		};
/* End PBXVariantGroup section */

/* Begin XCBuildConfiguration section */
		E35B4EB423FCD69B00BE1894 /* Debug */ = {
			isa = XCBuildConfiguration;
			buildSettings = {
				ALWAYS_SEARCH_USER_PATHS = NO;
				CLANG_ANALYZER_NONNULL = YES;
				CLANG_ANALYZER_NUMBER_OBJECT_CONVERSION = YES_AGGRESSIVE;
				CLANG_CXX_LANGUAGE_STANDARD = "gnu++14";
				CLANG_CXX_LIBRARY = "libc++";
				CLANG_ENABLE_MODULES = YES;
				CLANG_ENABLE_OBJC_ARC = YES;
				CLANG_ENABLE_OBJC_WEAK = YES;
				CLANG_WARN_BLOCK_CAPTURE_AUTORELEASING = YES;
				CLANG_WARN_BOOL_CONVERSION = YES;
				CLANG_WARN_COMMA = YES;
				CLANG_WARN_CONSTANT_CONVERSION = YES;
				CLANG_WARN_DEPRECATED_OBJC_IMPLEMENTATIONS = YES;
				CLANG_WARN_DIRECT_OBJC_ISA_USAGE = YES_ERROR;
				CLANG_WARN_DOCUMENTATION_COMMENTS = YES;
				CLANG_WARN_EMPTY_BODY = YES;
				CLANG_WARN_ENUM_CONVERSION = YES;
				CLANG_WARN_INFINITE_RECURSION = YES;
				CLANG_WARN_INT_CONVERSION = YES;
				CLANG_WARN_NON_LITERAL_NULL_CONVERSION = YES;
				CLANG_WARN_OBJC_IMPLICIT_RETAIN_SELF = YES;
				CLANG_WARN_OBJC_LITERAL_CONVERSION = YES;
				CLANG_WARN_OBJC_ROOT_CLASS = YES_ERROR;
				CLANG_WARN_RANGE_LOOP_ANALYSIS = YES;
				CLANG_WARN_STRICT_PROTOTYPES = YES;
				CLANG_WARN_SUSPICIOUS_MOVE = YES;
				CLANG_WARN_UNGUARDED_AVAILABILITY = YES_AGGRESSIVE;
				CLANG_WARN_UNREACHABLE_CODE = YES;
				CLANG_WARN__DUPLICATE_METHOD_MATCH = YES;
				COPY_PHASE_STRIP = NO;
				DEBUG_INFORMATION_FORMAT = dwarf;
				ENABLE_STRICT_OBJC_MSGSEND = YES;
				ENABLE_TESTABILITY = YES;
				GCC_C_LANGUAGE_STANDARD = gnu11;
				GCC_DYNAMIC_NO_PIC = NO;
				GCC_NO_COMMON_BLOCKS = YES;
				GCC_OPTIMIZATION_LEVEL = 0;
				GCC_PREPROCESSOR_DEFINITIONS = (
					"DEBUG=1",
					"$(inherited)",
				);
				GCC_WARN_64_TO_32_BIT_CONVERSION = YES;
				GCC_WARN_ABOUT_RETURN_TYPE = YES_ERROR;
				GCC_WARN_UNDECLARED_SELECTOR = YES;
				GCC_WARN_UNINITIALIZED_AUTOS = YES_AGGRESSIVE;
				GCC_WARN_UNUSED_FUNCTION = YES;
				GCC_WARN_UNUSED_VARIABLE = YES;
				IPHONEOS_DEPLOYMENT_TARGET = 13.1;
				MTL_ENABLE_DEBUG_INFO = INCLUDE_SOURCE;
				MTL_FAST_MATH = YES;
				ONLY_ACTIVE_ARCH = YES;
				SDKROOT = iphoneos;
				SWIFT_ACTIVE_COMPILATION_CONDITIONS = DEBUG;
				SWIFT_OPTIMIZATION_LEVEL = "-Onone";
			};
			name = Debug;
		};
		E35B4EB523FCD69B00BE1894 /* Release */ = {
			isa = XCBuildConfiguration;
			buildSettings = {
				ALWAYS_SEARCH_USER_PATHS = NO;
				CLANG_ANALYZER_NONNULL = YES;
				CLANG_ANALYZER_NUMBER_OBJECT_CONVERSION = YES_AGGRESSIVE;
				CLANG_CXX_LANGUAGE_STANDARD = "gnu++14";
				CLANG_CXX_LIBRARY = "libc++";
				CLANG_ENABLE_MODULES = YES;
				CLANG_ENABLE_OBJC_ARC = YES;
				CLANG_ENABLE_OBJC_WEAK = YES;
				CLANG_WARN_BLOCK_CAPTURE_AUTORELEASING = YES;
				CLANG_WARN_BOOL_CONVERSION = YES;
				CLANG_WARN_COMMA = YES;
				CLANG_WARN_CONSTANT_CONVERSION = YES;
				CLANG_WARN_DEPRECATED_OBJC_IMPLEMENTATIONS = YES;
				CLANG_WARN_DIRECT_OBJC_ISA_USAGE = YES_ERROR;
				CLANG_WARN_DOCUMENTATION_COMMENTS = YES;
				CLANG_WARN_EMPTY_BODY = YES;
				CLANG_WARN_ENUM_CONVERSION = YES;
				CLANG_WARN_INFINITE_RECURSION = YES;
				CLANG_WARN_INT_CONVERSION = YES;
				CLANG_WARN_NON_LITERAL_NULL_CONVERSION = YES;
				CLANG_WARN_OBJC_IMPLICIT_RETAIN_SELF = YES;
				CLANG_WARN_OBJC_LITERAL_CONVERSION = YES;
				CLANG_WARN_OBJC_ROOT_CLASS = YES_ERROR;
				CLANG_WARN_RANGE_LOOP_ANALYSIS = YES;
				CLANG_WARN_STRICT_PROTOTYPES = YES;
				CLANG_WARN_SUSPICIOUS_MOVE = YES;
				CLANG_WARN_UNGUARDED_AVAILABILITY = YES_AGGRESSIVE;
				CLANG_WARN_UNREACHABLE_CODE = YES;
				CLANG_WARN__DUPLICATE_METHOD_MATCH = YES;
				COPY_PHASE_STRIP = NO;
				DEBUG_INFORMATION_FORMAT = "dwarf-with-dsym";
				ENABLE_NS_ASSERTIONS = NO;
				ENABLE_STRICT_OBJC_MSGSEND = YES;
				GCC_C_LANGUAGE_STANDARD = gnu11;
				GCC_NO_COMMON_BLOCKS = YES;
				GCC_WARN_64_TO_32_BIT_CONVERSION = YES;
				GCC_WARN_ABOUT_RETURN_TYPE = YES_ERROR;
				GCC_WARN_UNDECLARED_SELECTOR = YES;
				GCC_WARN_UNINITIALIZED_AUTOS = YES_AGGRESSIVE;
				GCC_WARN_UNUSED_FUNCTION = YES;
				GCC_WARN_UNUSED_VARIABLE = YES;
				IPHONEOS_DEPLOYMENT_TARGET = 13.1;
				MTL_ENABLE_DEBUG_INFO = NO;
				MTL_FAST_MATH = YES;
				SDKROOT = iphoneos;
				SWIFT_COMPILATION_MODE = wholemodule;
				SWIFT_OPTIMIZATION_LEVEL = "-O";
				VALIDATE_PRODUCT = YES;
			};
			name = Release;
		};
		E35B4EB723FCD69B00BE1894 /* Debug */ = {
			isa = XCBuildConfiguration;
			baseConfigurationReference = 29CEB2C822DD62B1264C12CC /* Pods-worksmart.debug.xcconfig */;
			buildSettings = {
				ASSETCATALOG_COMPILER_APPICON_NAME = AppIcon;
				CODE_SIGN_STYLE = Automatic;
				DEVELOPMENT_ASSET_PATHS = "\"worksmart/Preview Content\"";
				DEVELOPMENT_TEAM = PH6WM5VE5P;
				ENABLE_PREVIEWS = YES;
				INFOPLIST_FILE = worksmart/Info.plist;
				LD_RUNPATH_SEARCH_PATHS = (
					"$(inherited)",
					"@executable_path/Frameworks",
				);
				PRODUCT_BUNDLE_IDENTIFIER = com.gpos.worksmart;
				PRODUCT_NAME = "$(TARGET_NAME)";
				SWIFT_VERSION = 5.0;
				TARGETED_DEVICE_FAMILY = "1,2";
			};
			name = Debug;
		};
		E35B4EB823FCD69B00BE1894 /* Release */ = {
			isa = XCBuildConfiguration;
			baseConfigurationReference = E9CA5EA237B5E978E48EE95D /* Pods-worksmart.release.xcconfig */;
			buildSettings = {
				ASSETCATALOG_COMPILER_APPICON_NAME = AppIcon;
				CODE_SIGN_STYLE = Automatic;
				DEVELOPMENT_ASSET_PATHS = "\"worksmart/Preview Content\"";
				DEVELOPMENT_TEAM = PH6WM5VE5P;
				ENABLE_PREVIEWS = YES;
				INFOPLIST_FILE = worksmart/Info.plist;
				LD_RUNPATH_SEARCH_PATHS = (
					"$(inherited)",
					"@executable_path/Frameworks",
				);
				PRODUCT_BUNDLE_IDENTIFIER = com.gpos.worksmart;
				PRODUCT_NAME = "$(TARGET_NAME)";
				SWIFT_VERSION = 5.0;
				TARGETED_DEVICE_FAMILY = "1,2";
			};
			name = Release;
		};
/* End XCBuildConfiguration section */

/* Begin XCConfigurationList section */
		E35B4E9A23FCD69900BE1894 /* Build configuration list for PBXProject "worksmart" */ = {
			isa = XCConfigurationList;
			buildConfigurations = (
				E35B4EB423FCD69B00BE1894 /* Debug */,
				E35B4EB523FCD69B00BE1894 /* Release */,
			);
			defaultConfigurationIsVisible = 0;
			defaultConfigurationName = Release;
		};
		E35B4EB623FCD69B00BE1894 /* Build configuration list for PBXNativeTarget "worksmart" */ = {
			isa = XCConfigurationList;
			buildConfigurations = (
				E35B4EB723FCD69B00BE1894 /* Debug */,
				E35B4EB823FCD69B00BE1894 /* Release */,
			);
			defaultConfigurationIsVisible = 0;
			defaultConfigurationName = Release;
		};
/* End XCConfigurationList section */

/* Begin XCVersionGroup section */
		E35B4EA623FCD69900BE1894 /* worksmart.xcdatamodeld */ = {
			isa = XCVersionGroup;
			children = (
				E35B4EA723FCD69900BE1894 /* worksmart.xcdatamodel */,
			);
			currentVersion = E35B4EA723FCD69900BE1894 /* worksmart.xcdatamodel */;
			path = worksmart.xcdatamodeld;
			sourceTree = "<group>";
			versionGroupType = wrapper.xcdatamodel;
		};
/* End XCVersionGroup section */
	};
	rootObject = E35B4E9723FCD69900BE1894 /* Project object */;
}
